// !$*UTF8*$!
{
	archiveVersion = 1;
	classes = {
	};
	objectVersion = 51;
	objects = {

/* Begin PBXBuildFile section */
		110D7B212AB060363313C139 /* Pods_InsiderNotificationContent.framework in Frameworks */ = {isa = PBXBuildFile; fileRef = 3AA2F5C5C26B8A72274C7D0E /* Pods_InsiderNotificationContent.framework */; };
		4145254D97E4E2CFECE90DDE /* Pods_InsiderDemo.framework in Frameworks */ = {isa = PBXBuildFile; fileRef = DFCE917648B4EAF06547A991 /* Pods_InsiderDemo.framework */; };
		56CB0BDF24DAA54C00886880 /* AppDelegate.swift in Sources */ = {isa = PBXBuildFile; fileRef = 56CB0BDE24DAA54C00886880 /* AppDelegate.swift */; };
		56CB0BE324DAA54C00886880 /* ViewController.swift in Sources */ = {isa = PBXBuildFile; fileRef = 56CB0BE224DAA54C00886880 /* ViewController.swift */; };
		56CB0BE624DAA54C00886880 /* Main.storyboard in Resources */ = {isa = PBXBuildFile; fileRef = 56CB0BE424DAA54C00886880 /* Main.storyboard */; };
		56CB0BE824DAA55000886880 /* Assets.xcassets in Resources */ = {isa = PBXBuildFile; fileRef = 56CB0BE724DAA55000886880 /* Assets.xcassets */; };
		56CB0BEB24DAA55000886880 /* LaunchScreen.storyboard in Resources */ = {isa = PBXBuildFile; fileRef = 56CB0BE924DAA55000886880 /* LaunchScreen.storyboard */; };
		56CB0BFE24DAA6A100886880 /* NotificationService.m in Sources */ = {isa = PBXBuildFile; fileRef = 56CB0BFD24DAA6A100886880 /* NotificationService.m */; };
		56CB0C0224DAA6A100886880 /* InsiderNotificationService.appex in Embed App Extensions */ = {isa = PBXBuildFile; fileRef = 56CB0BFA24DAA6A000886880 /* InsiderNotificationService.appex */; settings = {ATTRIBUTES = (RemoveHeadersOnCopy, ); }; };
		56CB0C0E24DAA6BC00886880 /* UserNotifications.framework in Frameworks */ = {isa = PBXBuildFile; fileRef = 56CB0C0D24DAA6BC00886880 /* UserNotifications.framework */; };
		56CB0C1024DAA6BC00886880 /* UserNotificationsUI.framework in Frameworks */ = {isa = PBXBuildFile; fileRef = 56CB0C0F24DAA6BC00886880 /* UserNotificationsUI.framework */; };
		56CB0C1424DAA6BC00886880 /* NotificationViewController.m in Sources */ = {isa = PBXBuildFile; fileRef = 56CB0C1324DAA6BC00886880 /* NotificationViewController.m */; };
		56CB0C1724DAA6BC00886880 /* MainInterface.storyboard in Resources */ = {isa = PBXBuildFile; fileRef = 56CB0C1524DAA6BC00886880 /* MainInterface.storyboard */; };
		56CB0C1B24DAA6BC00886880 /* InsiderNotificationContent.appex in Embed App Extensions */ = {isa = PBXBuildFile; fileRef = 56CB0C0B24DAA6BC00886880 /* InsiderNotificationContent.appex */; settings = {ATTRIBUTES = (RemoveHeadersOnCopy, ); }; };
		BA635CE322CD2C2B22C3467F /* Pods_InsiderNotificationService.framework in Frameworks */ = {isa = PBXBuildFile; fileRef = CAE5222A2710E12135393082 /* Pods_InsiderNotificationService.framework */; };
/* End PBXBuildFile section */

/* Begin PBXContainerItemProxy section */
		56CB0C0024DAA6A100886880 /* PBXContainerItemProxy */ = {
			isa = PBXContainerItemProxy;
			containerPortal = 56CB0BD324DAA54C00886880 /* Project object */;
			proxyType = 1;
			remoteGlobalIDString = 56CB0BF924DAA6A000886880;
			remoteInfo = InsiderNotificationService;
		};
		56CB0C1924DAA6BC00886880 /* PBXContainerItemProxy */ = {
			isa = PBXContainerItemProxy;
			containerPortal = 56CB0BD324DAA54C00886880 /* Project object */;
			proxyType = 1;
			remoteGlobalIDString = 56CB0C0A24DAA6BC00886880;
			remoteInfo = InsiderNotificationContent;
		};
/* End PBXContainerItemProxy section */

/* Begin PBXCopyFilesBuildPhase section */
		56CB0C0624DAA6A100886880 /* Embed App Extensions */ = {
			isa = PBXCopyFilesBuildPhase;
			buildActionMask = 2147483647;
			dstPath = "";
			dstSubfolderSpec = 13;
			files = (
				56CB0C1B24DAA6BC00886880 /* InsiderNotificationContent.appex in Embed App Extensions */,
				56CB0C0224DAA6A100886880 /* InsiderNotificationService.appex in Embed App Extensions */,
			);
			name = "Embed App Extensions";
			runOnlyForDeploymentPostprocessing = 0;
		};
/* End PBXCopyFilesBuildPhase section */

/* Begin PBXFileReference section */
		3AA2F5C5C26B8A72274C7D0E /* Pods_InsiderNotificationContent.framework */ = {isa = PBXFileReference; explicitFileType = wrapper.framework; includeInIndex = 0; path = Pods_InsiderNotificationContent.framework; sourceTree = BUILT_PRODUCTS_DIR; };
		3D0615A16C2FEF8BC44CCA05 /* Pods-InsiderNotificationContent.release.xcconfig */ = {isa = PBXFileReference; includeInIndex = 1; lastKnownFileType = text.xcconfig; name = "Pods-InsiderNotificationContent.release.xcconfig"; path = "Target Support Files/Pods-InsiderNotificationContent/Pods-InsiderNotificationContent.release.xcconfig"; sourceTree = "<group>"; };
		56CB0BDB24DAA54C00886880 /* InsiderDemo.app */ = {isa = PBXFileReference; explicitFileType = wrapper.application; includeInIndex = 0; path = InsiderDemo.app; sourceTree = BUILT_PRODUCTS_DIR; };
		56CB0BDE24DAA54C00886880 /* AppDelegate.swift */ = {isa = PBXFileReference; lastKnownFileType = sourcecode.swift; path = AppDelegate.swift; sourceTree = "<group>"; };
		56CB0BE224DAA54C00886880 /* ViewController.swift */ = {isa = PBXFileReference; lastKnownFileType = sourcecode.swift; path = ViewController.swift; sourceTree = "<group>"; };
		56CB0BE524DAA54C00886880 /* Base */ = {isa = PBXFileReference; lastKnownFileType = file.storyboard; name = Base; path = Base.lproj/Main.storyboard; sourceTree = "<group>"; };
		56CB0BE724DAA55000886880 /* Assets.xcassets */ = {isa = PBXFileReference; lastKnownFileType = folder.assetcatalog; path = Assets.xcassets; sourceTree = "<group>"; };
		56CB0BEA24DAA55000886880 /* Base */ = {isa = PBXFileReference; lastKnownFileType = file.storyboard; name = Base; path = Base.lproj/LaunchScreen.storyboard; sourceTree = "<group>"; };
		56CB0BEC24DAA55000886880 /* Info.plist */ = {isa = PBXFileReference; lastKnownFileType = text.plist.xml; path = Info.plist; sourceTree = "<group>"; };
		56CB0BF224DAA59500886880 /* InsiderDemo-Bridging-Header.h */ = {isa = PBXFileReference; lastKnownFileType = sourcecode.c.h; path = "InsiderDemo-Bridging-Header.h"; sourceTree = "<group>"; };
		56CB0BF524DAA5F500886880 /* InsiderDemo.entitlements */ = {isa = PBXFileReference; lastKnownFileType = text.plist.entitlements; path = InsiderDemo.entitlements; sourceTree = "<group>"; };
		56CB0BFA24DAA6A000886880 /* InsiderNotificationService.appex */ = {isa = PBXFileReference; explicitFileType = "wrapper.app-extension"; includeInIndex = 0; path = InsiderNotificationService.appex; sourceTree = BUILT_PRODUCTS_DIR; };
		56CB0BFC24DAA6A100886880 /* NotificationService.h */ = {isa = PBXFileReference; lastKnownFileType = sourcecode.c.h; path = NotificationService.h; sourceTree = "<group>"; };
		56CB0BFD24DAA6A100886880 /* NotificationService.m */ = {isa = PBXFileReference; lastKnownFileType = sourcecode.c.objc; path = NotificationService.m; sourceTree = "<group>"; };
		56CB0BFF24DAA6A100886880 /* Info.plist */ = {isa = PBXFileReference; lastKnownFileType = text.plist.xml; path = Info.plist; sourceTree = "<group>"; };
		56CB0C0B24DAA6BC00886880 /* InsiderNotificationContent.appex */ = {isa = PBXFileReference; explicitFileType = "wrapper.app-extension"; includeInIndex = 0; path = InsiderNotificationContent.appex; sourceTree = BUILT_PRODUCTS_DIR; };
		56CB0C0D24DAA6BC00886880 /* UserNotifications.framework */ = {isa = PBXFileReference; lastKnownFileType = wrapper.framework; name = UserNotifications.framework; path = System/Library/Frameworks/UserNotifications.framework; sourceTree = SDKROOT; };
		56CB0C0F24DAA6BC00886880 /* UserNotificationsUI.framework */ = {isa = PBXFileReference; lastKnownFileType = wrapper.framework; name = UserNotificationsUI.framework; path = System/Library/Frameworks/UserNotificationsUI.framework; sourceTree = SDKROOT; };
		56CB0C1224DAA6BC00886880 /* NotificationViewController.h */ = {isa = PBXFileReference; lastKnownFileType = sourcecode.c.h; path = NotificationViewController.h; sourceTree = "<group>"; };
		56CB0C1324DAA6BC00886880 /* NotificationViewController.m */ = {isa = PBXFileReference; lastKnownFileType = sourcecode.c.objc; path = NotificationViewController.m; sourceTree = "<group>"; };
		56CB0C1624DAA6BC00886880 /* Base */ = {isa = PBXFileReference; lastKnownFileType = file.storyboard; name = Base; path = Base.lproj/MainInterface.storyboard; sourceTree = "<group>"; };
		56CB0C1824DAA6BC00886880 /* Info.plist */ = {isa = PBXFileReference; lastKnownFileType = text.plist.xml; path = Info.plist; sourceTree = "<group>"; };
		56CB0C1F24DAB72200886880 /* InsiderNotificationContent.entitlements */ = {isa = PBXFileReference; lastKnownFileType = text.plist.entitlements; path = InsiderNotificationContent.entitlements; sourceTree = "<group>"; };
		56CB0C2024DAB72E00886880 /* InsiderNotificationService.entitlements */ = {isa = PBXFileReference; lastKnownFileType = text.plist.entitlements; path = InsiderNotificationService.entitlements; sourceTree = "<group>"; };
		7F697CF7F10688D4D815DC1D /* Pods-InsiderNotificationService.debug.xcconfig */ = {isa = PBXFileReference; includeInIndex = 1; lastKnownFileType = text.xcconfig; name = "Pods-InsiderNotificationService.debug.xcconfig"; path = "Target Support Files/Pods-InsiderNotificationService/Pods-InsiderNotificationService.debug.xcconfig"; sourceTree = "<group>"; };
		9F06B70BC795F17036B26D2D /* Pods-InsiderNotificationService.release.xcconfig */ = {isa = PBXFileReference; includeInIndex = 1; lastKnownFileType = text.xcconfig; name = "Pods-InsiderNotificationService.release.xcconfig"; path = "Target Support Files/Pods-InsiderNotificationService/Pods-InsiderNotificationService.release.xcconfig"; sourceTree = "<group>"; };
		CAE5222A2710E12135393082 /* Pods_InsiderNotificationService.framework */ = {isa = PBXFileReference; explicitFileType = wrapper.framework; includeInIndex = 0; path = Pods_InsiderNotificationService.framework; sourceTree = BUILT_PRODUCTS_DIR; };
		D1D85D65230E8C1AC186EB48 /* Pods-InsiderDemo.debug.xcconfig */ = {isa = PBXFileReference; includeInIndex = 1; lastKnownFileType = text.xcconfig; name = "Pods-InsiderDemo.debug.xcconfig"; path = "Target Support Files/Pods-InsiderDemo/Pods-InsiderDemo.debug.xcconfig"; sourceTree = "<group>"; };
		DFCE917648B4EAF06547A991 /* Pods_InsiderDemo.framework */ = {isa = PBXFileReference; explicitFileType = wrapper.framework; includeInIndex = 0; path = Pods_InsiderDemo.framework; sourceTree = BUILT_PRODUCTS_DIR; };
		E73D169A502D2C8DF0DB4D8B /* Pods-InsiderNotificationContent.debug.xcconfig */ = {isa = PBXFileReference; includeInIndex = 1; lastKnownFileType = text.xcconfig; name = "Pods-InsiderNotificationContent.debug.xcconfig"; path = "Target Support Files/Pods-InsiderNotificationContent/Pods-InsiderNotificationContent.debug.xcconfig"; sourceTree = "<group>"; };
		E973C3A741A438D101415ACE /* Pods-InsiderDemo.release.xcconfig */ = {isa = PBXFileReference; includeInIndex = 1; lastKnownFileType = text.xcconfig; name = "Pods-InsiderDemo.release.xcconfig"; path = "Target Support Files/Pods-InsiderDemo/Pods-InsiderDemo.release.xcconfig"; sourceTree = "<group>"; };
/* End PBXFileReference section */

/* Begin PBXFrameworksBuildPhase section */
		56CB0BD824DAA54C00886880 /* Frameworks */ = {
			isa = PBXFrameworksBuildPhase;
			buildActionMask = 2147483647;
			files = (
				4145254D97E4E2CFECE90DDE /* Pods_InsiderDemo.framework in Frameworks */,
			);
			runOnlyForDeploymentPostprocessing = 0;
		};
		56CB0BF724DAA6A000886880 /* Frameworks */ = {
			isa = PBXFrameworksBuildPhase;
			buildActionMask = 2147483647;
			files = (
				BA635CE322CD2C2B22C3467F /* Pods_InsiderNotificationService.framework in Frameworks */,
			);
			runOnlyForDeploymentPostprocessing = 0;
		};
		56CB0C0824DAA6BC00886880 /* Frameworks */ = {
			isa = PBXFrameworksBuildPhase;
			buildActionMask = 2147483647;
			files = (
				56CB0C1024DAA6BC00886880 /* UserNotificationsUI.framework in Frameworks */,
				56CB0C0E24DAA6BC00886880 /* UserNotifications.framework in Frameworks */,
				110D7B212AB060363313C139 /* Pods_InsiderNotificationContent.framework in Frameworks */,
			);
			runOnlyForDeploymentPostprocessing = 0;
		};
/* End PBXFrameworksBuildPhase section */

/* Begin PBXGroup section */
		56CB0BD224DAA54C00886880 = {
			isa = PBXGroup;
			children = (
				56CB0BDD24DAA54C00886880 /* InsiderDemo */,
				56CB0BFB24DAA6A100886880 /* InsiderNotificationService */,
				56CB0C1124DAA6BC00886880 /* InsiderNotificationContent */,
				56CB0C0C24DAA6BC00886880 /* Frameworks */,
				56CB0BDC24DAA54C00886880 /* Products */,
				63A18E5311ACB12EC10603BC /* Pods */,
			);
			sourceTree = "<group>";
		};
		56CB0BDC24DAA54C00886880 /* Products */ = {
			isa = PBXGroup;
			children = (
				56CB0BDB24DAA54C00886880 /* InsiderDemo.app */,
				56CB0BFA24DAA6A000886880 /* InsiderNotificationService.appex */,
				56CB0C0B24DAA6BC00886880 /* InsiderNotificationContent.appex */,
			);
			name = Products;
			sourceTree = "<group>";
		};
		56CB0BDD24DAA54C00886880 /* InsiderDemo */ = {
			isa = PBXGroup;
			children = (
				56CB0BF524DAA5F500886880 /* InsiderDemo.entitlements */,
				56CB0BDE24DAA54C00886880 /* AppDelegate.swift */,
				56CB0BE224DAA54C00886880 /* ViewController.swift */,
				56CB0BE424DAA54C00886880 /* Main.storyboard */,
				56CB0BE724DAA55000886880 /* Assets.xcassets */,
				56CB0BE924DAA55000886880 /* LaunchScreen.storyboard */,
				56CB0BEC24DAA55000886880 /* Info.plist */,
				56CB0BF224DAA59500886880 /* InsiderDemo-Bridging-Header.h */,
			);
			path = InsiderDemo;
			sourceTree = "<group>";
		};
		56CB0BFB24DAA6A100886880 /* InsiderNotificationService */ = {
			isa = PBXGroup;
			children = (
				56CB0C2024DAB72E00886880 /* InsiderNotificationService.entitlements */,
				56CB0BFC24DAA6A100886880 /* NotificationService.h */,
				56CB0BFD24DAA6A100886880 /* NotificationService.m */,
				56CB0BFF24DAA6A100886880 /* Info.plist */,
			);
			path = InsiderNotificationService;
			sourceTree = "<group>";
		};
		56CB0C0C24DAA6BC00886880 /* Frameworks */ = {
			isa = PBXGroup;
			children = (
				56CB0C0D24DAA6BC00886880 /* UserNotifications.framework */,
				56CB0C0F24DAA6BC00886880 /* UserNotificationsUI.framework */,
				DFCE917648B4EAF06547A991 /* Pods_InsiderDemo.framework */,
				3AA2F5C5C26B8A72274C7D0E /* Pods_InsiderNotificationContent.framework */,
				CAE5222A2710E12135393082 /* Pods_InsiderNotificationService.framework */,
			);
			name = Frameworks;
			sourceTree = "<group>";
		};
		56CB0C1124DAA6BC00886880 /* InsiderNotificationContent */ = {
			isa = PBXGroup;
			children = (
				56CB0C1F24DAB72200886880 /* InsiderNotificationContent.entitlements */,
				56CB0C1224DAA6BC00886880 /* NotificationViewController.h */,
				56CB0C1324DAA6BC00886880 /* NotificationViewController.m */,
				56CB0C1524DAA6BC00886880 /* MainInterface.storyboard */,
				56CB0C1824DAA6BC00886880 /* Info.plist */,
			);
			path = InsiderNotificationContent;
			sourceTree = "<group>";
		};
		63A18E5311ACB12EC10603BC /* Pods */ = {
			isa = PBXGroup;
			children = (
				D1D85D65230E8C1AC186EB48 /* Pods-InsiderDemo.debug.xcconfig */,
				E973C3A741A438D101415ACE /* Pods-InsiderDemo.release.xcconfig */,
				E73D169A502D2C8DF0DB4D8B /* Pods-InsiderNotificationContent.debug.xcconfig */,
				3D0615A16C2FEF8BC44CCA05 /* Pods-InsiderNotificationContent.release.xcconfig */,
				7F697CF7F10688D4D815DC1D /* Pods-InsiderNotificationService.debug.xcconfig */,
				9F06B70BC795F17036B26D2D /* Pods-InsiderNotificationService.release.xcconfig */,
			);
			path = Pods;
			sourceTree = "<group>";
		};
/* End PBXGroup section */

/* Begin PBXNativeTarget section */
		56CB0BDA24DAA54C00886880 /* InsiderDemo */ = {
			isa = PBXNativeTarget;
			buildConfigurationList = 56CB0BEF24DAA55000886880 /* Build configuration list for PBXNativeTarget "InsiderDemo" */;
			buildPhases = (
				BEE0E2CEFF49C0EAD4D39462 /* [CP] Check Pods Manifest.lock */,
				56CB0BD724DAA54C00886880 /* Sources */,
				56CB0BD824DAA54C00886880 /* Frameworks */,
				56CB0BD924DAA54C00886880 /* Resources */,
				56CB0C0624DAA6A100886880 /* Embed App Extensions */,
				EECB090985817A2645AAE875 /* [CP] Embed Pods Frameworks */,
				F88E2936334E51DEE6808CB5 /* [CP] Copy Pods Resources */,
				56849AFF24E02847005A32F5 /* ShellScript */,
			);
			buildRules = (
			);
			dependencies = (
				56CB0C0124DAA6A100886880 /* PBXTargetDependency */,
				56CB0C1A24DAA6BC00886880 /* PBXTargetDependency */,
			);
			name = InsiderDemo;
			productName = InsiderDemo;
			productReference = 56CB0BDB24DAA54C00886880 /* InsiderDemo.app */;
			productType = "com.apple.product-type.application";
		};
		56CB0BF924DAA6A000886880 /* InsiderNotificationService */ = {
			isa = PBXNativeTarget;
			buildConfigurationList = 56CB0C0324DAA6A100886880 /* Build configuration list for PBXNativeTarget "InsiderNotificationService" */;
			buildPhases = (
				A467BA027EDA3FF984F61715 /* [CP] Check Pods Manifest.lock */,
				56CB0BF624DAA6A000886880 /* Sources */,
				56CB0BF724DAA6A000886880 /* Frameworks */,
				56CB0BF824DAA6A000886880 /* Resources */,
				E34FD8943F82C3EC0D7BBB55 /* [CP] Copy Pods Resources */,
			);
			buildRules = (
			);
			dependencies = (
			);
			name = InsiderNotificationService;
			productName = InsiderNotificationService;
			productReference = 56CB0BFA24DAA6A000886880 /* InsiderNotificationService.appex */;
			productType = "com.apple.product-type.app-extension";
		};
		56CB0C0A24DAA6BC00886880 /* InsiderNotificationContent */ = {
			isa = PBXNativeTarget;
			buildConfigurationList = 56CB0C1C24DAA6BC00886880 /* Build configuration list for PBXNativeTarget "InsiderNotificationContent" */;
			buildPhases = (
				74A9F96D2E5A5A2D4207CC99 /* [CP] Check Pods Manifest.lock */,
				56CB0C0724DAA6BC00886880 /* Sources */,
				56CB0C0824DAA6BC00886880 /* Frameworks */,
				56CB0C0924DAA6BC00886880 /* Resources */,
				AFB66C2CC59FA4CBA01474BC /* [CP] Copy Pods Resources */,
			);
			buildRules = (
			);
			dependencies = (
			);
			name = InsiderNotificationContent;
			productName = InsiderNotificationContent;
			productReference = 56CB0C0B24DAA6BC00886880 /* InsiderNotificationContent.appex */;
			productType = "com.apple.product-type.app-extension";
		};
/* End PBXNativeTarget section */

/* Begin PBXProject section */
		56CB0BD324DAA54C00886880 /* Project object */ = {
			isa = PBXProject;
			attributes = {
				LastSwiftUpdateCheck = 1150;
				LastUpgradeCheck = 1150;
				ORGANIZATIONNAME = Insider;
				TargetAttributes = {
					56CB0BDA24DAA54C00886880 = {
						CreatedOnToolsVersion = 11.5;
						LastSwiftMigration = 1150;
					};
					56CB0BF924DAA6A000886880 = {
						CreatedOnToolsVersion = 11.5;
					};
					56CB0C0A24DAA6BC00886880 = {
						CreatedOnToolsVersion = 11.5;
					};
				};
			};
			buildConfigurationList = 56CB0BD624DAA54C00886880 /* Build configuration list for PBXProject "InsiderDemo" */;
			compatibilityVersion = "Xcode 9.3";
			developmentRegion = en;
			hasScannedForEncodings = 0;
			knownRegions = (
				en,
				Base,
			);
			mainGroup = 56CB0BD224DAA54C00886880;
			productRefGroup = 56CB0BDC24DAA54C00886880 /* Products */;
			projectDirPath = "";
			projectRoot = "";
			targets = (
				56CB0BDA24DAA54C00886880 /* InsiderDemo */,
				56CB0BF924DAA6A000886880 /* InsiderNotificationService */,
				56CB0C0A24DAA6BC00886880 /* InsiderNotificationContent */,
			);
		};
/* End PBXProject section */

/* Begin PBXResourcesBuildPhase section */
		56CB0BD924DAA54C00886880 /* Resources */ = {
			isa = PBXResourcesBuildPhase;
			buildActionMask = 2147483647;
			files = (
				56CB0BEB24DAA55000886880 /* LaunchScreen.storyboard in Resources */,
				56CB0BE824DAA55000886880 /* Assets.xcassets in Resources */,
				56CB0BE624DAA54C00886880 /* Main.storyboard in Resources */,
			);
			runOnlyForDeploymentPostprocessing = 0;
		};
		56CB0BF824DAA6A000886880 /* Resources */ = {
			isa = PBXResourcesBuildPhase;
			buildActionMask = 2147483647;
			files = (
			);
			runOnlyForDeploymentPostprocessing = 0;
		};
		56CB0C0924DAA6BC00886880 /* Resources */ = {
			isa = PBXResourcesBuildPhase;
			buildActionMask = 2147483647;
			files = (
				56CB0C1724DAA6BC00886880 /* MainInterface.storyboard in Resources */,
			);
			runOnlyForDeploymentPostprocessing = 0;
		};
/* End PBXResourcesBuildPhase section */

/* Begin PBXShellScriptBuildPhase section */
		56849AFF24E02847005A32F5 /* ShellScript */ = {
			isa = PBXShellScriptBuildPhase;
			buildActionMask = 2147483647;
			files = (
			);
			inputFileListPaths = (
			);
			inputPaths = (
			);
			outputFileListPaths = (
			);
			outputPaths = (
			);
			runOnlyForDeploymentPostprocessing = 0;
			shellPath = /bin/sh;
			shellScript = "# Type a script or drag a script file from your workspace to insert its path.\nTAGS=\"FIXME:\"\nERRORTAG=\"ERROR:\"\nfind \"${SRCROOT}\" \\( -name \"*.h\" -or -name \"*.m\" -or -name \"*.swift\" \\) -print0 | xargs -0 egrep --with-filename --line-number --only-matching \"($TAGS).*\\$|($ERRORTAG).*\\$\" | perl -p -e \"s/($TAGS)/ warning: \\$1/\" | perl -p -e \"s/($ERRORTAG)/ error: \\$1/\"\n";
		};
		74A9F96D2E5A5A2D4207CC99 /* [CP] Check Pods Manifest.lock */ = {
			isa = PBXShellScriptBuildPhase;
			buildActionMask = 2147483647;
			files = (
			);
			inputFileListPaths = (
			);
			inputPaths = (
				"${PODS_PODFILE_DIR_PATH}/Podfile.lock",
				"${PODS_ROOT}/Manifest.lock",
			);
			name = "[CP] Check Pods Manifest.lock";
			outputFileListPaths = (
			);
			outputPaths = (
				"$(DERIVED_FILE_DIR)/Pods-InsiderNotificationContent-checkManifestLockResult.txt",
			);
			runOnlyForDeploymentPostprocessing = 0;
			shellPath = /bin/sh;
			shellScript = "diff \"${PODS_PODFILE_DIR_PATH}/Podfile.lock\" \"${PODS_ROOT}/Manifest.lock\" > /dev/null\nif [ $? != 0 ] ; then\n    # print error to STDERR\n    echo \"error: The sandbox is not in sync with the Podfile.lock. Run 'pod install' or update your CocoaPods installation.\" >&2\n    exit 1\nfi\n# This output is used by Xcode 'outputs' to avoid re-running this script phase.\necho \"SUCCESS\" > \"${SCRIPT_OUTPUT_FILE_0}\"\n";
			showEnvVarsInLog = 0;
		};
		A467BA027EDA3FF984F61715 /* [CP] Check Pods Manifest.lock */ = {
			isa = PBXShellScriptBuildPhase;
			buildActionMask = 2147483647;
			files = (
			);
			inputFileListPaths = (
			);
			inputPaths = (
				"${PODS_PODFILE_DIR_PATH}/Podfile.lock",
				"${PODS_ROOT}/Manifest.lock",
			);
			name = "[CP] Check Pods Manifest.lock";
			outputFileListPaths = (
			);
			outputPaths = (
				"$(DERIVED_FILE_DIR)/Pods-InsiderNotificationService-checkManifestLockResult.txt",
			);
			runOnlyForDeploymentPostprocessing = 0;
			shellPath = /bin/sh;
			shellScript = "diff \"${PODS_PODFILE_DIR_PATH}/Podfile.lock\" \"${PODS_ROOT}/Manifest.lock\" > /dev/null\nif [ $? != 0 ] ; then\n    # print error to STDERR\n    echo \"error: The sandbox is not in sync with the Podfile.lock. Run 'pod install' or update your CocoaPods installation.\" >&2\n    exit 1\nfi\n# This output is used by Xcode 'outputs' to avoid re-running this script phase.\necho \"SUCCESS\" > \"${SCRIPT_OUTPUT_FILE_0}\"\n";
			showEnvVarsInLog = 0;
		};
		AFB66C2CC59FA4CBA01474BC /* [CP] Copy Pods Resources */ = {
			isa = PBXShellScriptBuildPhase;
			buildActionMask = 2147483647;
			files = (
			);
			inputFileListPaths = (
				"${PODS_ROOT}/Target Support Files/Pods-InsiderNotificationContent/Pods-InsiderNotificationContent-resources-${CONFIGURATION}-input-files.xcfilelist",
			);
			name = "[CP] Copy Pods Resources";
			outputFileListPaths = (
				"${PODS_ROOT}/Target Support Files/Pods-InsiderNotificationContent/Pods-InsiderNotificationContent-resources-${CONFIGURATION}-output-files.xcfilelist",
			);
			runOnlyForDeploymentPostprocessing = 0;
			shellPath = /bin/sh;
			shellScript = "\"${PODS_ROOT}/Target Support Files/Pods-InsiderNotificationContent/Pods-InsiderNotificationContent-resources.sh\"\n";
			showEnvVarsInLog = 0;
		};
		BEE0E2CEFF49C0EAD4D39462 /* [CP] Check Pods Manifest.lock */ = {
			isa = PBXShellScriptBuildPhase;
			buildActionMask = 2147483647;
			files = (
			);
			inputFileListPaths = (
			);
			inputPaths = (
				"${PODS_PODFILE_DIR_PATH}/Podfile.lock",
				"${PODS_ROOT}/Manifest.lock",
			);
			name = "[CP] Check Pods Manifest.lock";
			outputFileListPaths = (
			);
			outputPaths = (
				"$(DERIVED_FILE_DIR)/Pods-InsiderDemo-checkManifestLockResult.txt",
			);
			runOnlyForDeploymentPostprocessing = 0;
			shellPath = /bin/sh;
			shellScript = "diff \"${PODS_PODFILE_DIR_PATH}/Podfile.lock\" \"${PODS_ROOT}/Manifest.lock\" > /dev/null\nif [ $? != 0 ] ; then\n    # print error to STDERR\n    echo \"error: The sandbox is not in sync with the Podfile.lock. Run 'pod install' or update your CocoaPods installation.\" >&2\n    exit 1\nfi\n# This output is used by Xcode 'outputs' to avoid re-running this script phase.\necho \"SUCCESS\" > \"${SCRIPT_OUTPUT_FILE_0}\"\n";
			showEnvVarsInLog = 0;
		};
		E34FD8943F82C3EC0D7BBB55 /* [CP] Copy Pods Resources */ = {
			isa = PBXShellScriptBuildPhase;
			buildActionMask = 2147483647;
			files = (
			);
			inputFileListPaths = (
				"${PODS_ROOT}/Target Support Files/Pods-InsiderNotificationService/Pods-InsiderNotificationService-resources-${CONFIGURATION}-input-files.xcfilelist",
			);
			name = "[CP] Copy Pods Resources";
			outputFileListPaths = (
				"${PODS_ROOT}/Target Support Files/Pods-InsiderNotificationService/Pods-InsiderNotificationService-resources-${CONFIGURATION}-output-files.xcfilelist",
			);
			runOnlyForDeploymentPostprocessing = 0;
			shellPath = /bin/sh;
			shellScript = "\"${PODS_ROOT}/Target Support Files/Pods-InsiderNotificationService/Pods-InsiderNotificationService-resources.sh\"\n";
			showEnvVarsInLog = 0;
		};
		EECB090985817A2645AAE875 /* [CP] Embed Pods Frameworks */ = {
			isa = PBXShellScriptBuildPhase;
			buildActionMask = 2147483647;
			files = (
			);
			inputFileListPaths = (
				"${PODS_ROOT}/Target Support Files/Pods-InsiderDemo/Pods-InsiderDemo-frameworks-${CONFIGURATION}-input-files.xcfilelist",
			);
			name = "[CP] Embed Pods Frameworks";
			outputFileListPaths = (
				"${PODS_ROOT}/Target Support Files/Pods-InsiderDemo/Pods-InsiderDemo-frameworks-${CONFIGURATION}-output-files.xcfilelist",
			);
			runOnlyForDeploymentPostprocessing = 0;
			shellPath = /bin/sh;
			shellScript = "\"${PODS_ROOT}/Target Support Files/Pods-InsiderDemo/Pods-InsiderDemo-frameworks.sh\"\n";
			showEnvVarsInLog = 0;
		};
		F88E2936334E51DEE6808CB5 /* [CP] Copy Pods Resources */ = {
			isa = PBXShellScriptBuildPhase;
			buildActionMask = 2147483647;
			files = (
			);
			inputFileListPaths = (
				"${PODS_ROOT}/Target Support Files/Pods-InsiderDemo/Pods-InsiderDemo-resources-${CONFIGURATION}-input-files.xcfilelist",
			);
			name = "[CP] Copy Pods Resources";
			outputFileListPaths = (
				"${PODS_ROOT}/Target Support Files/Pods-InsiderDemo/Pods-InsiderDemo-resources-${CONFIGURATION}-output-files.xcfilelist",
			);
			runOnlyForDeploymentPostprocessing = 0;
			shellPath = /bin/sh;
			shellScript = "\"${PODS_ROOT}/Target Support Files/Pods-InsiderDemo/Pods-InsiderDemo-resources.sh\"\n";
			showEnvVarsInLog = 0;
		};
/* End PBXShellScriptBuildPhase section */

/* Begin PBXSourcesBuildPhase section */
		56CB0BD724DAA54C00886880 /* Sources */ = {
			isa = PBXSourcesBuildPhase;
			buildActionMask = 2147483647;
			files = (
				56CB0BE324DAA54C00886880 /* ViewController.swift in Sources */,
				56CB0BDF24DAA54C00886880 /* AppDelegate.swift in Sources */,
			);
			runOnlyForDeploymentPostprocessing = 0;
		};
		56CB0BF624DAA6A000886880 /* Sources */ = {
			isa = PBXSourcesBuildPhase;
			buildActionMask = 2147483647;
			files = (
				56CB0BFE24DAA6A100886880 /* NotificationService.m in Sources */,
			);
			runOnlyForDeploymentPostprocessing = 0;
		};
		56CB0C0724DAA6BC00886880 /* Sources */ = {
			isa = PBXSourcesBuildPhase;
			buildActionMask = 2147483647;
			files = (
				56CB0C1424DAA6BC00886880 /* NotificationViewController.m in Sources */,
			);
			runOnlyForDeploymentPostprocessing = 0;
		};
/* End PBXSourcesBuildPhase section */

/* Begin PBXTargetDependency section */
		56CB0C0124DAA6A100886880 /* PBXTargetDependency */ = {
			isa = PBXTargetDependency;
			target = 56CB0BF924DAA6A000886880 /* InsiderNotificationService */;
			targetProxy = 56CB0C0024DAA6A100886880 /* PBXContainerItemProxy */;
		};
		56CB0C1A24DAA6BC00886880 /* PBXTargetDependency */ = {
			isa = PBXTargetDependency;
			target = 56CB0C0A24DAA6BC00886880 /* InsiderNotificationContent */;
			targetProxy = 56CB0C1924DAA6BC00886880 /* PBXContainerItemProxy */;
		};
/* End PBXTargetDependency section */

/* Begin PBXVariantGroup section */
		56CB0BE424DAA54C00886880 /* Main.storyboard */ = {
			isa = PBXVariantGroup;
			children = (
				56CB0BE524DAA54C00886880 /* Base */,
			);
			name = Main.storyboard;
			sourceTree = "<group>";
		};
		56CB0BE924DAA55000886880 /* LaunchScreen.storyboard */ = {
			isa = PBXVariantGroup;
			children = (
				56CB0BEA24DAA55000886880 /* Base */,
			);
			name = LaunchScreen.storyboard;
			sourceTree = "<group>";
		};
		56CB0C1524DAA6BC00886880 /* MainInterface.storyboard */ = {
			isa = PBXVariantGroup;
			children = (
				56CB0C1624DAA6BC00886880 /* Base */,
			);
			name = MainInterface.storyboard;
			sourceTree = "<group>";
		};
/* End PBXVariantGroup section */

/* Begin XCBuildConfiguration section */
		56CB0BED24DAA55000886880 /* Debug */ = {
			isa = XCBuildConfiguration;
			buildSettings = {
				ALWAYS_SEARCH_USER_PATHS = NO;
				CLANG_ANALYZER_NONNULL = YES;
				CLANG_ANALYZER_NUMBER_OBJECT_CONVERSION = YES_AGGRESSIVE;
				CLANG_CXX_LANGUAGE_STANDARD = "gnu++14";
				CLANG_CXX_LIBRARY = "libc++";
				CLANG_ENABLE_MODULES = YES;
				CLANG_ENABLE_OBJC_ARC = YES;
				CLANG_ENABLE_OBJC_WEAK = YES;
				CLANG_WARN_BLOCK_CAPTURE_AUTORELEASING = YES;
				CLANG_WARN_BOOL_CONVERSION = YES;
				CLANG_WARN_COMMA = YES;
				CLANG_WARN_CONSTANT_CONVERSION = YES;
				CLANG_WARN_DEPRECATED_OBJC_IMPLEMENTATIONS = YES;
				CLANG_WARN_DIRECT_OBJC_ISA_USAGE = YES_ERROR;
				CLANG_WARN_DOCUMENTATION_COMMENTS = YES;
				CLANG_WARN_EMPTY_BODY = YES;
				CLANG_WARN_ENUM_CONVERSION = YES;
				CLANG_WARN_INFINITE_RECURSION = YES;
				CLANG_WARN_INT_CONVERSION = YES;
				CLANG_WARN_NON_LITERAL_NULL_CONVERSION = YES;
				CLANG_WARN_OBJC_IMPLICIT_RETAIN_SELF = YES;
				CLANG_WARN_OBJC_LITERAL_CONVERSION = YES;
				CLANG_WARN_OBJC_ROOT_CLASS = YES_ERROR;
				CLANG_WARN_RANGE_LOOP_ANALYSIS = YES;
				CLANG_WARN_STRICT_PROTOTYPES = YES;
				CLANG_WARN_SUSPICIOUS_MOVE = YES;
				CLANG_WARN_UNGUARDED_AVAILABILITY = YES_AGGRESSIVE;
				CLANG_WARN_UNREACHABLE_CODE = YES;
				CLANG_WARN__DUPLICATE_METHOD_MATCH = YES;
				COPY_PHASE_STRIP = NO;
				DEBUG_INFORMATION_FORMAT = dwarf;
				ENABLE_STRICT_OBJC_MSGSEND = YES;
				ENABLE_TESTABILITY = YES;
				GCC_C_LANGUAGE_STANDARD = gnu11;
				GCC_DYNAMIC_NO_PIC = NO;
				GCC_NO_COMMON_BLOCKS = YES;
				GCC_OPTIMIZATION_LEVEL = 0;
				GCC_PREPROCESSOR_DEFINITIONS = (
					"DEBUG=1",
					"$(inherited)",
				);
				GCC_WARN_64_TO_32_BIT_CONVERSION = YES;
				GCC_WARN_ABOUT_RETURN_TYPE = YES_ERROR;
				GCC_WARN_UNDECLARED_SELECTOR = YES;
				GCC_WARN_UNINITIALIZED_AUTOS = YES_AGGRESSIVE;
				GCC_WARN_UNUSED_FUNCTION = YES;
				GCC_WARN_UNUSED_VARIABLE = YES;
				IPHONEOS_DEPLOYMENT_TARGET = 13.5;
				MTL_ENABLE_DEBUG_INFO = INCLUDE_SOURCE;
				MTL_FAST_MATH = YES;
				ONLY_ACTIVE_ARCH = YES;
				SDKROOT = iphoneos;
				SWIFT_ACTIVE_COMPILATION_CONDITIONS = DEBUG;
				SWIFT_OPTIMIZATION_LEVEL = "-Onone";
			};
			name = Debug;
		};
		56CB0BEE24DAA55000886880 /* Release */ = {
			isa = XCBuildConfiguration;
			buildSettings = {
				ALWAYS_SEARCH_USER_PATHS = NO;
				CLANG_ANALYZER_NONNULL = YES;
				CLANG_ANALYZER_NUMBER_OBJECT_CONVERSION = YES_AGGRESSIVE;
				CLANG_CXX_LANGUAGE_STANDARD = "gnu++14";
				CLANG_CXX_LIBRARY = "libc++";
				CLANG_ENABLE_MODULES = YES;
				CLANG_ENABLE_OBJC_ARC = YES;
				CLANG_ENABLE_OBJC_WEAK = YES;
				CLANG_WARN_BLOCK_CAPTURE_AUTORELEASING = YES;
				CLANG_WARN_BOOL_CONVERSION = YES;
				CLANG_WARN_COMMA = YES;
				CLANG_WARN_CONSTANT_CONVERSION = YES;
				CLANG_WARN_DEPRECATED_OBJC_IMPLEMENTATIONS = YES;
				CLANG_WARN_DIRECT_OBJC_ISA_USAGE = YES_ERROR;
				CLANG_WARN_DOCUMENTATION_COMMENTS = YES;
				CLANG_WARN_EMPTY_BODY = YES;
				CLANG_WARN_ENUM_CONVERSION = YES;
				CLANG_WARN_INFINITE_RECURSION = YES;
				CLANG_WARN_INT_CONVERSION = YES;
				CLANG_WARN_NON_LITERAL_NULL_CONVERSION = YES;
				CLANG_WARN_OBJC_IMPLICIT_RETAIN_SELF = YES;
				CLANG_WARN_OBJC_LITERAL_CONVERSION = YES;
				CLANG_WARN_OBJC_ROOT_CLASS = YES_ERROR;
				CLANG_WARN_RANGE_LOOP_ANALYSIS = YES;
				CLANG_WARN_STRICT_PROTOTYPES = YES;
				CLANG_WARN_SUSPICIOUS_MOVE = YES;
				CLANG_WARN_UNGUARDED_AVAILABILITY = YES_AGGRESSIVE;
				CLANG_WARN_UNREACHABLE_CODE = YES;
				CLANG_WARN__DUPLICATE_METHOD_MATCH = YES;
				COPY_PHASE_STRIP = NO;
				DEBUG_INFORMATION_FORMAT = "dwarf-with-dsym";
				ENABLE_NS_ASSERTIONS = NO;
				ENABLE_STRICT_OBJC_MSGSEND = YES;
				GCC_C_LANGUAGE_STANDARD = gnu11;
				GCC_NO_COMMON_BLOCKS = YES;
				GCC_WARN_64_TO_32_BIT_CONVERSION = YES;
				GCC_WARN_ABOUT_RETURN_TYPE = YES_ERROR;
				GCC_WARN_UNDECLARED_SELECTOR = YES;
				GCC_WARN_UNINITIALIZED_AUTOS = YES_AGGRESSIVE;
				GCC_WARN_UNUSED_FUNCTION = YES;
				GCC_WARN_UNUSED_VARIABLE = YES;
				IPHONEOS_DEPLOYMENT_TARGET = 13.5;
				MTL_ENABLE_DEBUG_INFO = NO;
				MTL_FAST_MATH = YES;
				SDKROOT = iphoneos;
				SWIFT_COMPILATION_MODE = wholemodule;
				SWIFT_OPTIMIZATION_LEVEL = "-O";
				VALIDATE_PRODUCT = YES;
			};
			name = Release;
		};
		56CB0BF024DAA55000886880 /* Debug */ = {
			isa = XCBuildConfiguration;
			baseConfigurationReference = D1D85D65230E8C1AC186EB48 /* Pods-InsiderDemo.debug.xcconfig */;
			buildSettings = {
				ASSETCATALOG_COMPILER_APPICON_NAME = AppIcon;
				CLANG_ENABLE_MODULES = YES;
				CODE_SIGN_ENTITLEMENTS = InsiderDemo/InsiderDemo.entitlements;
				CODE_SIGN_STYLE = Automatic;
				DEVELOPMENT_TEAM = 2VDL6UCH4J;
				INFOPLIST_FILE = InsiderDemo/Info.plist;
				IPHONEOS_DEPLOYMENT_TARGET = 10.0;
				LD_RUNPATH_SEARCH_PATHS = (
					"$(inherited)",
					"@executable_path/Frameworks",
				);
				PRODUCT_BUNDLE_IDENTIFIER = com.useinsider.InsiderDemo;
				PRODUCT_NAME = "$(TARGET_NAME)";
				SWIFT_OBJC_BRIDGING_HEADER = "InsiderDemo/InsiderDemo-Bridging-Header.h";
				SWIFT_OPTIMIZATION_LEVEL = "-Onone";
				SWIFT_VERSION = 5.0;
				TARGETED_DEVICE_FAMILY = 1;
			};
			name = Debug;
		};
		56CB0BF124DAA55000886880 /* Release */ = {
			isa = XCBuildConfiguration;
			baseConfigurationReference = E973C3A741A438D101415ACE /* Pods-InsiderDemo.release.xcconfig */;
			buildSettings = {
				ASSETCATALOG_COMPILER_APPICON_NAME = AppIcon;
				CLANG_ENABLE_MODULES = YES;
				CODE_SIGN_ENTITLEMENTS = InsiderDemo/InsiderDemo.entitlements;
				CODE_SIGN_STYLE = Automatic;
				DEVELOPMENT_TEAM = 2VDL6UCH4J;
				INFOPLIST_FILE = InsiderDemo/Info.plist;
				IPHONEOS_DEPLOYMENT_TARGET = 10.0;
				LD_RUNPATH_SEARCH_PATHS = (
					"$(inherited)",
					"@executable_path/Frameworks",
				);
				PRODUCT_BUNDLE_IDENTIFIER = com.useinsider.InsiderDemo;
				PRODUCT_NAME = "$(TARGET_NAME)";
				SWIFT_OBJC_BRIDGING_HEADER = "InsiderDemo/InsiderDemo-Bridging-Header.h";
				SWIFT_VERSION = 5.0;
				TARGETED_DEVICE_FAMILY = 1;
			};
			name = Release;
		};
		56CB0C0424DAA6A100886880 /* Debug */ = {
			isa = XCBuildConfiguration;
			baseConfigurationReference = 7F697CF7F10688D4D815DC1D /* Pods-InsiderNotificationService.debug.xcconfig */;
			buildSettings = {
				APPLICATION_EXTENSION_API_ONLY = NO;
				CODE_SIGN_ENTITLEMENTS = InsiderNotificationService/InsiderNotificationService.entitlements;
				CODE_SIGN_STYLE = Automatic;
				DEVELOPMENT_TEAM = 2VDL6UCH4J;
				INFOPLIST_FILE = InsiderNotificationService/Info.plist;
				IPHONEOS_DEPLOYMENT_TARGET = 10.0;
				LD_RUNPATH_SEARCH_PATHS = (
					"$(inherited)",
					"@executable_path/Frameworks",
					"@executable_path/../../Frameworks",
				);
				PRODUCT_BUNDLE_IDENTIFIER = com.useinsider.InsiderDemo.InsiderNotificationService;
				PRODUCT_NAME = "$(TARGET_NAME)";
				SKIP_INSTALL = YES;
				TARGETED_DEVICE_FAMILY = 1;
			};
			name = Debug;
		};
		56CB0C0524DAA6A100886880 /* Release */ = {
			isa = XCBuildConfiguration;
			baseConfigurationReference = 9F06B70BC795F17036B26D2D /* Pods-InsiderNotificationService.release.xcconfig */;
			buildSettings = {
				APPLICATION_EXTENSION_API_ONLY = NO;
				CODE_SIGN_ENTITLEMENTS = InsiderNotificationService/InsiderNotificationService.entitlements;
				CODE_SIGN_STYLE = Automatic;
				DEVELOPMENT_TEAM = 2VDL6UCH4J;
				INFOPLIST_FILE = InsiderNotificationService/Info.plist;
				IPHONEOS_DEPLOYMENT_TARGET = 10.0;
				LD_RUNPATH_SEARCH_PATHS = (
					"$(inherited)",
					"@executable_path/Frameworks",
					"@executable_path/../../Frameworks",
				);
				PRODUCT_BUNDLE_IDENTIFIER = com.useinsider.InsiderDemo.InsiderNotificationService;
				PRODUCT_NAME = "$(TARGET_NAME)";
				SKIP_INSTALL = YES;
				TARGETED_DEVICE_FAMILY = 1;
			};
			name = Release;
		};
		56CB0C1D24DAA6BC00886880 /* Debug */ = {
			isa = XCBuildConfiguration;
			baseConfigurationReference = E73D169A502D2C8DF0DB4D8B /* Pods-InsiderNotificationContent.debug.xcconfig */;
			buildSettings = {
				APPLICATION_EXTENSION_API_ONLY = NO;
				CODE_SIGN_ENTITLEMENTS = InsiderNotificationContent/InsiderNotificationContent.entitlements;
				CODE_SIGN_STYLE = Automatic;
				DEVELOPMENT_TEAM = 2VDL6UCH4J;
				INFOPLIST_FILE = InsiderNotificationContent/Info.plist;
				IPHONEOS_DEPLOYMENT_TARGET = 10.0;
				LD_RUNPATH_SEARCH_PATHS = (
					"$(inherited)",
					"@executable_path/Frameworks",
					"@executable_path/../../Frameworks",
				);
				PRODUCT_BUNDLE_IDENTIFIER = com.useinsider.InsiderDemo.InsiderNotificationContent;
				PRODUCT_NAME = "$(TARGET_NAME)";
				SKIP_INSTALL = YES;
				TARGETED_DEVICE_FAMILY = 1;
			};
			name = Debug;
		};
		56CB0C1E24DAA6BC00886880 /* Release */ = {
			isa = XCBuildConfiguration;
			baseConfigurationReference = 3D0615A16C2FEF8BC44CCA05 /* Pods-InsiderNotificationContent.release.xcconfig */;
			buildSettings = {
				APPLICATION_EXTENSION_API_ONLY = NO;
				CODE_SIGN_ENTITLEMENTS = InsiderNotificationContent/InsiderNotificationContent.entitlements;
				CODE_SIGN_STYLE = Automatic;
				DEVELOPMENT_TEAM = 2VDL6UCH4J;
				INFOPLIST_FILE = InsiderNotificationContent/Info.plist;
				IPHONEOS_DEPLOYMENT_TARGET = 10.0;
				LD_RUNPATH_SEARCH_PATHS = (
					"$(inherited)",
					"@executable_path/Frameworks",
					"@executable_path/../../Frameworks",
				);
				PRODUCT_BUNDLE_IDENTIFIER = com.useinsider.InsiderDemo.InsiderNotificationContent;
				PRODUCT_NAME = "$(TARGET_NAME)";
				SKIP_INSTALL = YES;
				TARGETED_DEVICE_FAMILY = 1;
			};
			name = Release;
		};
/* End XCBuildConfiguration section */

/* Begin XCConfigurationList section */
		56CB0BD624DAA54C00886880 /* Build configuration list for PBXProject "InsiderDemo" */ = {
			isa = XCConfigurationList;
			buildConfigurations = (
				56CB0BED24DAA55000886880 /* Debug */,
				56CB0BEE24DAA55000886880 /* Release */,
			);
			defaultConfigurationIsVisible = 0;
			defaultConfigurationName = Release;
		};
		56CB0BEF24DAA55000886880 /* Build configuration list for PBXNativeTarget "InsiderDemo" */ = {
			isa = XCConfigurationList;
			buildConfigurations = (
				56CB0BF024DAA55000886880 /* Debug */,
				56CB0BF124DAA55000886880 /* Release */,
			);
			defaultConfigurationIsVisible = 0;
			defaultConfigurationName = Release;
		};
		56CB0C0324DAA6A100886880 /* Build configuration list for PBXNativeTarget "InsiderNotificationService" */ = {
			isa = XCConfigurationList;
			buildConfigurations = (
				56CB0C0424DAA6A100886880 /* Debug */,
				56CB0C0524DAA6A100886880 /* Release */,
			);
			defaultConfigurationIsVisible = 0;
			defaultConfigurationName = Release;
		};
		56CB0C1C24DAA6BC00886880 /* Build configuration list for PBXNativeTarget "InsiderNotificationContent" */ = {
			isa = XCConfigurationList;
			buildConfigurations = (
				56CB0C1D24DAA6BC00886880 /* Debug */,
				56CB0C1E24DAA6BC00886880 /* Release */,
			);
			defaultConfigurationIsVisible = 0;
			defaultConfigurationName = Release;
		};
/* End XCConfigurationList section */
	};
	rootObject = 56CB0BD324DAA54C00886880 /* Project object */;
}
