// !$*UTF8*$!
{
	archiveVersion = 1;
	classes = {
	};
	objectVersion = 51;
	objects = {

/* Begin PBXBuildFile section */
		56CB0BDF24DAA54C00886880 /* AppDelegate.swift in Sources */ = {isa = PBXBuildFile; fileRef = 56CB0BDE24DAA54C00886880 /* AppDelegate.swift */; };
		56CB0BE324DAA54C00886880 /* ViewController.swift in Sources */ = {isa = PBXBuildFile; fileRef = 56CB0BE224DAA54C00886880 /* ViewController.swift */; };
		56CB0BE624DAA54C00886880 /* Main.storyboard in Resources */ = {isa = PBXBuildFile; fileRef = 56CB0BE424DAA54C00886880 /* Main.storyboard */; };
		56CB0BE824DAA55000886880 /* Assets.xcassets in Resources */ = {isa = PBXBuildFile; fileRef = 56CB0BE724DAA55000886880 /* Assets.xcassets */; };
		56CB0BEB24DAA55000886880 /* LaunchScreen.storyboard in Resources */ = {isa = PBXBuildFile; fileRef = 56CB0BE924DAA55000886880 /* LaunchScreen.storyboard */; };
		8454594DD4AF7D4D2561ABCA /* Pods_InsiderNotificationContent.framework in Frameworks */ = {isa = PBXBuildFile; fileRef = 0E711278553946686C90F2BD /* Pods_InsiderNotificationContent.framework */; };
		A0DAEF0854B14EE0177432F1 /* Pods_InsiderNotificationService.framework in Frameworks */ = {isa = PBXBuildFile; fileRef = E73CC55B7F8E6996966930C9 /* Pods_InsiderNotificationService.framework */; };
		D7814EEF27469858006394C0 /* UserNotifications.framework in Frameworks */ = {isa = PBXBuildFile; fileRef = 56CB0C0D24DAA6BC00886880 /* UserNotifications.framework */; };
		D7814EF027469858006394C0 /* UserNotificationsUI.framework in Frameworks */ = {isa = PBXBuildFile; fileRef = 56CB0C0F24DAA6BC00886880 /* UserNotificationsUI.framework */; };
		D7814EF327469858006394C0 /* NotificationViewController.swift in Sources */ = {isa = PBXBuildFile; fileRef = D7814EF227469858006394C0 /* NotificationViewController.swift */; };
		D7814EF627469858006394C0 /* MainInterface.storyboard in Resources */ = {isa = PBXBuildFile; fileRef = D7814EF427469858006394C0 /* MainInterface.storyboard */; };
		D7814EFA27469858006394C0 /* InsiderNotificationContent.appex in Embed App Extensions */ = {isa = PBXBuildFile; fileRef = D7814EEE27469858006394C0 /* InsiderNotificationContent.appex */; settings = {ATTRIBUTES = (RemoveHeadersOnCopy, ); }; };
		D7814F052746988C006394C0 /* NotificationService.swift in Sources */ = {isa = PBXBuildFile; fileRef = D7814F042746988C006394C0 /* NotificationService.swift */; };
		D7814F092746988D006394C0 /* InsiderNotificationService.appex in Embed App Extensions */ = {isa = PBXBuildFile; fileRef = D7814F022746988C006394C0 /* InsiderNotificationService.appex */; settings = {ATTRIBUTES = (RemoveHeadersOnCopy, ); }; };
		E5E5C2891634A4100E12ED4C /* Pods_InsiderDemo.framework in Frameworks */ = {isa = PBXBuildFile; fileRef = FEB9E9CAB3442C7C8C2B1DE7 /* Pods_InsiderDemo.framework */; };
/* End PBXBuildFile section */

/* Begin PBXContainerItemProxy section */
		D7814EF827469858006394C0 /* PBXContainerItemProxy */ = {
			isa = PBXContainerItemProxy;
			containerPortal = 56CB0BD324DAA54C00886880 /* Project object */;
			proxyType = 1;
			remoteGlobalIDString = D7814EED27469858006394C0;
			remoteInfo = InsiderNotificationContent;
		};
		D7814F072746988D006394C0 /* PBXContainerItemProxy */ = {
			isa = PBXContainerItemProxy;
			containerPortal = 56CB0BD324DAA54C00886880 /* Project object */;
			proxyType = 1;
			remoteGlobalIDString = D7814F012746988C006394C0;
			remoteInfo = InsiderNotificationService;
		};
/* End PBXContainerItemProxy section */

/* Begin PBXCopyFilesBuildPhase section */
		56CB0C0624DAA6A100886880 /* Embed App Extensions */ = {
			isa = PBXCopyFilesBuildPhase;
			buildActionMask = 2147483647;
			dstPath = "";
			dstSubfolderSpec = 13;
			files = (
				D7814F092746988D006394C0 /* InsiderNotificationService.appex in Embed App Extensions */,
				D7814EFA27469858006394C0 /* InsiderNotificationContent.appex in Embed App Extensions */,
			);
			name = "Embed App Extensions";
			runOnlyForDeploymentPostprocessing = 0;
		};
/* End PBXCopyFilesBuildPhase section */

/* Begin PBXFileReference section */
		0E711278553946686C90F2BD /* Pods_InsiderNotificationContent.framework */ = {isa = PBXFileReference; explicitFileType = wrapper.framework; includeInIndex = 0; path = Pods_InsiderNotificationContent.framework; sourceTree = BUILT_PRODUCTS_DIR; };
		4A0F82D7D5DA9A55035594E2 /* Pods-InsiderDemo.debug.xcconfig */ = {isa = PBXFileReference; includeInIndex = 1; lastKnownFileType = text.xcconfig; name = "Pods-InsiderDemo.debug.xcconfig"; path = "Target Support Files/Pods-InsiderDemo/Pods-InsiderDemo.debug.xcconfig"; sourceTree = "<group>"; };
		56CB0BDB24DAA54C00886880 /* InsiderDemo.app */ = {isa = PBXFileReference; explicitFileType = wrapper.application; includeInIndex = 0; path = InsiderDemo.app; sourceTree = BUILT_PRODUCTS_DIR; };
		56CB0BDE24DAA54C00886880 /* AppDelegate.swift */ = {isa = PBXFileReference; lastKnownFileType = sourcecode.swift; path = AppDelegate.swift; sourceTree = "<group>"; };
		56CB0BE224DAA54C00886880 /* ViewController.swift */ = {isa = PBXFileReference; lastKnownFileType = sourcecode.swift; path = ViewController.swift; sourceTree = "<group>"; };
		56CB0BE524DAA54C00886880 /* Base */ = {isa = PBXFileReference; lastKnownFileType = file.storyboard; name = Base; path = Base.lproj/Main.storyboard; sourceTree = "<group>"; };
		56CB0BE724DAA55000886880 /* Assets.xcassets */ = {isa = PBXFileReference; lastKnownFileType = folder.assetcatalog; path = Assets.xcassets; sourceTree = "<group>"; };
		56CB0BEA24DAA55000886880 /* Base */ = {isa = PBXFileReference; lastKnownFileType = file.storyboard; name = Base; path = Base.lproj/LaunchScreen.storyboard; sourceTree = "<group>"; };
		56CB0BEC24DAA55000886880 /* Info.plist */ = {isa = PBXFileReference; lastKnownFileType = text.plist.xml; path = Info.plist; sourceTree = "<group>"; };
		56CB0BF224DAA59500886880 /* InsiderDemo-Bridging-Header.h */ = {isa = PBXFileReference; lastKnownFileType = sourcecode.c.h; path = "InsiderDemo-Bridging-Header.h"; sourceTree = "<group>"; };
		56CB0BF524DAA5F500886880 /* InsiderDemo.entitlements */ = {isa = PBXFileReference; lastKnownFileType = text.plist.entitlements; path = InsiderDemo.entitlements; sourceTree = "<group>"; };
		56CB0C0D24DAA6BC00886880 /* UserNotifications.framework */ = {isa = PBXFileReference; lastKnownFileType = wrapper.framework; name = UserNotifications.framework; path = System/Library/Frameworks/UserNotifications.framework; sourceTree = SDKROOT; };
		56CB0C0F24DAA6BC00886880 /* UserNotificationsUI.framework */ = {isa = PBXFileReference; lastKnownFileType = wrapper.framework; name = UserNotificationsUI.framework; path = System/Library/Frameworks/UserNotificationsUI.framework; sourceTree = SDKROOT; };
		D7814EEE27469858006394C0 /* InsiderNotificationContent.appex */ = {isa = PBXFileReference; explicitFileType = "wrapper.app-extension"; includeInIndex = 0; path = InsiderNotificationContent.appex; sourceTree = BUILT_PRODUCTS_DIR; };
		D7814EF227469858006394C0 /* NotificationViewController.swift */ = {isa = PBXFileReference; lastKnownFileType = sourcecode.swift; path = NotificationViewController.swift; sourceTree = "<group>"; };
		D7814EF527469858006394C0 /* Base */ = {isa = PBXFileReference; lastKnownFileType = file.storyboard; name = Base; path = Base.lproj/MainInterface.storyboard; sourceTree = "<group>"; };
		D7814EF727469858006394C0 /* Info.plist */ = {isa = PBXFileReference; lastKnownFileType = text.plist.xml; path = Info.plist; sourceTree = "<group>"; };
		D7814F022746988C006394C0 /* InsiderNotificationService.appex */ = {isa = PBXFileReference; explicitFileType = "wrapper.app-extension"; includeInIndex = 0; path = InsiderNotificationService.appex; sourceTree = BUILT_PRODUCTS_DIR; };
		D7814F042746988C006394C0 /* NotificationService.swift */ = {isa = PBXFileReference; lastKnownFileType = sourcecode.swift; path = NotificationService.swift; sourceTree = "<group>"; };
		D7814F062746988C006394C0 /* Info.plist */ = {isa = PBXFileReference; lastKnownFileType = text.plist.xml; path = Info.plist; sourceTree = "<group>"; };
		D8095780A8D852C9F9671B78 /* Pods-InsiderNotificationContent.release.xcconfig */ = {isa = PBXFileReference; includeInIndex = 1; lastKnownFileType = text.xcconfig; name = "Pods-InsiderNotificationContent.release.xcconfig"; path = "Target Support Files/Pods-InsiderNotificationContent/Pods-InsiderNotificationContent.release.xcconfig"; sourceTree = "<group>"; };
		E591F2E615E500FA776B0F88 /* Pods-InsiderDemo.release.xcconfig */ = {isa = PBXFileReference; includeInIndex = 1; lastKnownFileType = text.xcconfig; name = "Pods-InsiderDemo.release.xcconfig"; path = "Target Support Files/Pods-InsiderDemo/Pods-InsiderDemo.release.xcconfig"; sourceTree = "<group>"; };
		E73CC55B7F8E6996966930C9 /* Pods_InsiderNotificationService.framework */ = {isa = PBXFileReference; explicitFileType = wrapper.framework; includeInIndex = 0; path = Pods_InsiderNotificationService.framework; sourceTree = BUILT_PRODUCTS_DIR; };
		EF34029399BA614AAD1496F4 /* Pods-InsiderNotificationService.debug.xcconfig */ = {isa = PBXFileReference; includeInIndex = 1; lastKnownFileType = text.xcconfig; name = "Pods-InsiderNotificationService.debug.xcconfig"; path = "Target Support Files/Pods-InsiderNotificationService/Pods-InsiderNotificationService.debug.xcconfig"; sourceTree = "<group>"; };
		F7810B2B17EF80E0FB53414C /* Pods-InsiderNotificationContent.debug.xcconfig */ = {isa = PBXFileReference; includeInIndex = 1; lastKnownFileType = text.xcconfig; name = "Pods-InsiderNotificationContent.debug.xcconfig"; path = "Target Support Files/Pods-InsiderNotificationContent/Pods-InsiderNotificationContent.debug.xcconfig"; sourceTree = "<group>"; };
		F905F4C4726BF371FCEC8552 /* Pods-InsiderNotificationService.release.xcconfig */ = {isa = PBXFileReference; includeInIndex = 1; lastKnownFileType = text.xcconfig; name = "Pods-InsiderNotificationService.release.xcconfig"; path = "Target Support Files/Pods-InsiderNotificationService/Pods-InsiderNotificationService.release.xcconfig"; sourceTree = "<group>"; };
		FEB9E9CAB3442C7C8C2B1DE7 /* Pods_InsiderDemo.framework */ = {isa = PBXFileReference; explicitFileType = wrapper.framework; includeInIndex = 0; path = Pods_InsiderDemo.framework; sourceTree = BUILT_PRODUCTS_DIR; };
/* End PBXFileReference section */

/* Begin PBXFrameworksBuildPhase section */
		56CB0BD824DAA54C00886880 /* Frameworks */ = {
			isa = PBXFrameworksBuildPhase;
			buildActionMask = 2147483647;
			files = (
				E5E5C2891634A4100E12ED4C /* Pods_InsiderDemo.framework in Frameworks */,
			);
			runOnlyForDeploymentPostprocessing = 0;
		};
		D7814EEB27469858006394C0 /* Frameworks */ = {
			isa = PBXFrameworksBuildPhase;
			buildActionMask = 2147483647;
			files = (
				D7814EF027469858006394C0 /* UserNotificationsUI.framework in Frameworks */,
				D7814EEF27469858006394C0 /* UserNotifications.framework in Frameworks */,
				8454594DD4AF7D4D2561ABCA /* Pods_InsiderNotificationContent.framework in Frameworks */,
			);
			runOnlyForDeploymentPostprocessing = 0;
		};
		D7814EFF2746988C006394C0 /* Frameworks */ = {
			isa = PBXFrameworksBuildPhase;
			buildActionMask = 2147483647;
			files = (
				A0DAEF0854B14EE0177432F1 /* Pods_InsiderNotificationService.framework in Frameworks */,
			);
			runOnlyForDeploymentPostprocessing = 0;
		};
/* End PBXFrameworksBuildPhase section */

/* Begin PBXGroup section */
		56CB0BD224DAA54C00886880 = {
			isa = PBXGroup;
			children = (
				56CB0BDD24DAA54C00886880 /* InsiderDemo */,
				D7814EF127469858006394C0 /* InsiderNotificationContent */,
				D7814F032746988C006394C0 /* InsiderNotificationService */,
				56CB0C0C24DAA6BC00886880 /* Frameworks */,
				56CB0BDC24DAA54C00886880 /* Products */,
				63A18E5311ACB12EC10603BC /* Pods */,
			);
			sourceTree = "<group>";
		};
		56CB0BDC24DAA54C00886880 /* Products */ = {
			isa = PBXGroup;
			children = (
				56CB0BDB24DAA54C00886880 /* InsiderDemo.app */,
				D7814EEE27469858006394C0 /* InsiderNotificationContent.appex */,
				D7814F022746988C006394C0 /* InsiderNotificationService.appex */,
			);
			name = Products;
			sourceTree = "<group>";
		};
		56CB0BDD24DAA54C00886880 /* InsiderDemo */ = {
			isa = PBXGroup;
			children = (
				56CB0BF524DAA5F500886880 /* InsiderDemo.entitlements */,
				56CB0BDE24DAA54C00886880 /* AppDelegate.swift */,
				56CB0BE224DAA54C00886880 /* ViewController.swift */,
				56CB0BE424DAA54C00886880 /* Main.storyboard */,
				56CB0BE724DAA55000886880 /* Assets.xcassets */,
				56CB0BE924DAA55000886880 /* LaunchScreen.storyboard */,
				56CB0BEC24DAA55000886880 /* Info.plist */,
				56CB0BF224DAA59500886880 /* InsiderDemo-Bridging-Header.h */,
			);
			path = InsiderDemo;
			sourceTree = "<group>";
		};
		56CB0C0C24DAA6BC00886880 /* Frameworks */ = {
			isa = PBXGroup;
			children = (
				56CB0C0D24DAA6BC00886880 /* UserNotifications.framework */,
				56CB0C0F24DAA6BC00886880 /* UserNotificationsUI.framework */,
				FEB9E9CAB3442C7C8C2B1DE7 /* Pods_InsiderDemo.framework */,
				0E711278553946686C90F2BD /* Pods_InsiderNotificationContent.framework */,
				E73CC55B7F8E6996966930C9 /* Pods_InsiderNotificationService.framework */,
			);
			name = Frameworks;
			sourceTree = "<group>";
		};
		63A18E5311ACB12EC10603BC /* Pods */ = {
			isa = PBXGroup;
			children = (
				4A0F82D7D5DA9A55035594E2 /* Pods-InsiderDemo.debug.xcconfig */,
				E591F2E615E500FA776B0F88 /* Pods-InsiderDemo.release.xcconfig */,
				F7810B2B17EF80E0FB53414C /* Pods-InsiderNotificationContent.debug.xcconfig */,
				D8095780A8D852C9F9671B78 /* Pods-InsiderNotificationContent.release.xcconfig */,
				EF34029399BA614AAD1496F4 /* Pods-InsiderNotificationService.debug.xcconfig */,
				F905F4C4726BF371FCEC8552 /* Pods-InsiderNotificationService.release.xcconfig */,
			);
			path = Pods;
			sourceTree = "<group>";
		};
		D7814EF127469858006394C0 /* InsiderNotificationContent */ = {
			isa = PBXGroup;
			children = (
				D7814EF227469858006394C0 /* NotificationViewController.swift */,
				D7814EF427469858006394C0 /* MainInterface.storyboard */,
				D7814EF727469858006394C0 /* Info.plist */,
			);
			path = InsiderNotificationContent;
			sourceTree = "<group>";
		};
		D7814F032746988C006394C0 /* InsiderNotificationService */ = {
			isa = PBXGroup;
			children = (
				D7814F042746988C006394C0 /* NotificationService.swift */,
				D7814F062746988C006394C0 /* Info.plist */,
			);
			path = InsiderNotificationService;
			sourceTree = "<group>";
		};
/* End PBXGroup section */

/* Begin PBXNativeTarget section */
		56CB0BDA24DAA54C00886880 /* InsiderDemo */ = {
			isa = PBXNativeTarget;
			buildConfigurationList = 56CB0BEF24DAA55000886880 /* Build configuration list for PBXNativeTarget "InsiderDemo" */;
			buildPhases = (
				CA579988F2E48F80975C2DD6 /* [CP] Check Pods Manifest.lock */,
				56CB0BD724DAA54C00886880 /* Sources */,
				56CB0BD824DAA54C00886880 /* Frameworks */,
				56CB0BD924DAA54C00886880 /* Resources */,
				56CB0C0624DAA6A100886880 /* Embed App Extensions */,
				56849AFF24E02847005A32F5 /* ShellScript */,
				3B09405E6C239573883CC36B /* [CP] Embed Pods Frameworks */,
				17F904C61D0B84F6E14B084D /* [CP] Copy Pods Resources */,
			);
			buildRules = (
			);
			dependencies = (
				D7814EF927469858006394C0 /* PBXTargetDependency */,
				D7814F082746988D006394C0 /* PBXTargetDependency */,
			);
			name = InsiderDemo;
			productName = InsiderDemo;
			productReference = 56CB0BDB24DAA54C00886880 /* InsiderDemo.app */;
			productType = "com.apple.product-type.application";
		};
		D7814EED27469858006394C0 /* InsiderNotificationContent */ = {
			isa = PBXNativeTarget;
			buildConfigurationList = D7814EFB27469858006394C0 /* Build configuration list for PBXNativeTarget "InsiderNotificationContent" */;
			buildPhases = (
				3B381EF1AEE0A6AB710E5605 /* [CP] Check Pods Manifest.lock */,
				D7814EEA27469858006394C0 /* Sources */,
				D7814EEB27469858006394C0 /* Frameworks */,
				D7814EEC27469858006394C0 /* Resources */,
				5913FC7E1482FEA64A47BBE0 /* [CP] Copy Pods Resources */,
			);
			buildRules = (
			);
			dependencies = (
			);
			name = InsiderNotificationContent;
			productName = InsiderNotificationContent;
			productReference = D7814EEE27469858006394C0 /* InsiderNotificationContent.appex */;
			productType = "com.apple.product-type.app-extension";
		};
		D7814F012746988C006394C0 /* InsiderNotificationService */ = {
			isa = PBXNativeTarget;
			buildConfigurationList = D7814F0A2746988D006394C0 /* Build configuration list for PBXNativeTarget "InsiderNotificationService" */;
			buildPhases = (
				25F2BE3C23F676ABDD180A8B /* [CP] Check Pods Manifest.lock */,
				D7814EFE2746988C006394C0 /* Sources */,
				D7814EFF2746988C006394C0 /* Frameworks */,
				D7814F002746988C006394C0 /* Resources */,
				41EC28095A6660F0DC74BCDB /* [CP] Copy Pods Resources */,
			);
			buildRules = (
			);
			dependencies = (
			);
			name = InsiderNotificationService;
			productName = InsiderNotificationService;
			productReference = D7814F022746988C006394C0 /* InsiderNotificationService.appex */;
			productType = "com.apple.product-type.app-extension";
		};
/* End PBXNativeTarget section */

/* Begin PBXProject section */
		56CB0BD324DAA54C00886880 /* Project object */ = {
			isa = PBXProject;
			attributes = {
				LastSwiftUpdateCheck = 1310;
				LastUpgradeCheck = 1150;
				ORGANIZATIONNAME = Insider;
				TargetAttributes = {
					56CB0BDA24DAA54C00886880 = {
						CreatedOnToolsVersion = 11.5;
						LastSwiftMigration = 1150;
					};
					D7814EED27469858006394C0 = {
						CreatedOnToolsVersion = 13.1;
					};
					D7814F012746988C006394C0 = {
						CreatedOnToolsVersion = 13.1;
					};
				};
			};
			buildConfigurationList = 56CB0BD624DAA54C00886880 /* Build configuration list for PBXProject "InsiderDemo" */;
			compatibilityVersion = "Xcode 9.3";
			developmentRegion = en;
			hasScannedForEncodings = 0;
			knownRegions = (
				en,
				Base,
			);
			mainGroup = 56CB0BD224DAA54C00886880;
			productRefGroup = 56CB0BDC24DAA54C00886880 /* Products */;
			projectDirPath = "";
			projectRoot = "";
			targets = (
				56CB0BDA24DAA54C00886880 /* InsiderDemo */,
				D7814EED27469858006394C0 /* InsiderNotificationContent */,
				D7814F012746988C006394C0 /* InsiderNotificationService */,
			);
		};
/* End PBXProject section */

/* Begin PBXResourcesBuildPhase section */
		56CB0BD924DAA54C00886880 /* Resources */ = {
			isa = PBXResourcesBuildPhase;
			buildActionMask = 2147483647;
			files = (
				56CB0BEB24DAA55000886880 /* LaunchScreen.storyboard in Resources */,
				56CB0BE824DAA55000886880 /* Assets.xcassets in Resources */,
				56CB0BE624DAA54C00886880 /* Main.storyboard in Resources */,
			);
			runOnlyForDeploymentPostprocessing = 0;
		};
		D7814EEC27469858006394C0 /* Resources */ = {
			isa = PBXResourcesBuildPhase;
			buildActionMask = 2147483647;
			files = (
				D7814EF627469858006394C0 /* MainInterface.storyboard in Resources */,
			);
			runOnlyForDeploymentPostprocessing = 0;
		};
		D7814F002746988C006394C0 /* Resources */ = {
			isa = PBXResourcesBuildPhase;
			buildActionMask = 2147483647;
			files = (
			);
			runOnlyForDeploymentPostprocessing = 0;
		};
/* End PBXResourcesBuildPhase section */

/* Begin PBXShellScriptBuildPhase section */
		17F904C61D0B84F6E14B084D /* [CP] Copy Pods Resources */ = {
			isa = PBXShellScriptBuildPhase;
			buildActionMask = 2147483647;
			files = (
			);
			inputFileListPaths = (
				"${PODS_ROOT}/Target Support Files/Pods-InsiderDemo/Pods-InsiderDemo-resources-${CONFIGURATION}-input-files.xcfilelist",
			);
			name = "[CP] Copy Pods Resources";
			outputFileListPaths = (
				"${PODS_ROOT}/Target Support Files/Pods-InsiderDemo/Pods-InsiderDemo-resources-${CONFIGURATION}-output-files.xcfilelist",
			);
			runOnlyForDeploymentPostprocessing = 0;
			shellPath = /bin/sh;
			shellScript = "\"${PODS_ROOT}/Target Support Files/Pods-InsiderDemo/Pods-InsiderDemo-resources.sh\"\n";
			showEnvVarsInLog = 0;
		};
		25F2BE3C23F676ABDD180A8B /* [CP] Check Pods Manifest.lock */ = {
			isa = PBXShellScriptBuildPhase;
			buildActionMask = 2147483647;
			files = (
			);
			inputFileListPaths = (
			);
			inputPaths = (
				"${PODS_PODFILE_DIR_PATH}/Podfile.lock",
				"${PODS_ROOT}/Manifest.lock",
			);
			name = "[CP] Check Pods Manifest.lock";
			outputFileListPaths = (
			);
			outputPaths = (
				"$(DERIVED_FILE_DIR)/Pods-InsiderNotificationService-checkManifestLockResult.txt",
			);
			runOnlyForDeploymentPostprocessing = 0;
			shellPath = /bin/sh;
			shellScript = "diff \"${PODS_PODFILE_DIR_PATH}/Podfile.lock\" \"${PODS_ROOT}/Manifest.lock\" > /dev/null\nif [ $? != 0 ] ; then\n    # print error to STDERR\n    echo \"error: The sandbox is not in sync with the Podfile.lock. Run 'pod install' or update your CocoaPods installation.\" >&2\n    exit 1\nfi\n# This output is used by Xcode 'outputs' to avoid re-running this script phase.\necho \"SUCCESS\" > \"${SCRIPT_OUTPUT_FILE_0}\"\n";
			showEnvVarsInLog = 0;
		};
		3B09405E6C239573883CC36B /* [CP] Embed Pods Frameworks */ = {
			isa = PBXShellScriptBuildPhase;
			buildActionMask = 2147483647;
			files = (
			);
			inputFileListPaths = (
				"${PODS_ROOT}/Target Support Files/Pods-InsiderDemo/Pods-InsiderDemo-frameworks-${CONFIGURATION}-input-files.xcfilelist",
			);
			name = "[CP] Embed Pods Frameworks";
			outputFileListPaths = (
				"${PODS_ROOT}/Target Support Files/Pods-InsiderDemo/Pods-InsiderDemo-frameworks-${CONFIGURATION}-output-files.xcfilelist",
			);
			runOnlyForDeploymentPostprocessing = 0;
			shellPath = /bin/sh;
			shellScript = "\"${PODS_ROOT}/Target Support Files/Pods-InsiderDemo/Pods-InsiderDemo-frameworks.sh\"\n";
			showEnvVarsInLog = 0;
		};
		3B381EF1AEE0A6AB710E5605 /* [CP] Check Pods Manifest.lock */ = {
			isa = PBXShellScriptBuildPhase;
			buildActionMask = 2147483647;
			files = (
			);
			inputFileListPaths = (
			);
			inputPaths = (
				"${PODS_PODFILE_DIR_PATH}/Podfile.lock",
				"${PODS_ROOT}/Manifest.lock",
			);
			name = "[CP] Check Pods Manifest.lock";
			outputFileListPaths = (
			);
			outputPaths = (
				"$(DERIVED_FILE_DIR)/Pods-InsiderNotificationContent-checkManifestLockResult.txt",
			);
			runOnlyForDeploymentPostprocessing = 0;
			shellPath = /bin/sh;
			shellScript = "diff \"${PODS_PODFILE_DIR_PATH}/Podfile.lock\" \"${PODS_ROOT}/Manifest.lock\" > /dev/null\nif [ $? != 0 ] ; then\n    # print error to STDERR\n    echo \"error: The sandbox is not in sync with the Podfile.lock. Run 'pod install' or update your CocoaPods installation.\" >&2\n    exit 1\nfi\n# This output is used by Xcode 'outputs' to avoid re-running this script phase.\necho \"SUCCESS\" > \"${SCRIPT_OUTPUT_FILE_0}\"\n";
			showEnvVarsInLog = 0;
		};
		41EC28095A6660F0DC74BCDB /* [CP] Copy Pods Resources */ = {
			isa = PBXShellScriptBuildPhase;
			buildActionMask = 2147483647;
			files = (
			);
			inputFileListPaths = (
				"${PODS_ROOT}/Target Support Files/Pods-InsiderNotificationService/Pods-InsiderNotificationService-resources-${CONFIGURATION}-input-files.xcfilelist",
			);
			name = "[CP] Copy Pods Resources";
			outputFileListPaths = (
				"${PODS_ROOT}/Target Support Files/Pods-InsiderNotificationService/Pods-InsiderNotificationService-resources-${CONFIGURATION}-output-files.xcfilelist",
			);
			runOnlyForDeploymentPostprocessing = 0;
			shellPath = /bin/sh;
			shellScript = "\"${PODS_ROOT}/Target Support Files/Pods-InsiderNotificationService/Pods-InsiderNotificationService-resources.sh\"\n";
			showEnvVarsInLog = 0;
		};
		56849AFF24E02847005A32F5 /* ShellScript */ = {
			isa = PBXShellScriptBuildPhase;
			buildActionMask = 2147483647;
			files = (
			);
			inputFileListPaths = (
			);
			inputPaths = (
			);
			outputFileListPaths = (
			);
			outputPaths = (
			);
			runOnlyForDeploymentPostprocessing = 0;
			shellPath = /bin/sh;
			shellScript = "# Type a script or drag a script file from your workspace to insert its path.\nTAGS=\"FIXME:\"\nERRORTAG=\"ERROR:\"\nfind \"${SRCROOT}\" \\( -name \"*.h\" -or -name \"*.m\" -or -name \"*.swift\" \\) -print0 | xargs -0 egrep --with-filename --line-number --only-matching \"($TAGS).*\\$|($ERRORTAG).*\\$\" | perl -p -e \"s/($TAGS)/ warning: \\$1/\" | perl -p -e \"s/($ERRORTAG)/ error: \\$1/\"\n";
		};
		5913FC7E1482FEA64A47BBE0 /* [CP] Copy Pods Resources */ = {
			isa = PBXShellScriptBuildPhase;
			buildActionMask = 2147483647;
			files = (
			);
			inputFileListPaths = (
				"${PODS_ROOT}/Target Support Files/Pods-InsiderNotificationContent/Pods-InsiderNotificationContent-resources-${CONFIGURATION}-input-files.xcfilelist",
			);
			name = "[CP] Copy Pods Resources";
			outputFileListPaths = (
				"${PODS_ROOT}/Target Support Files/Pods-InsiderNotificationContent/Pods-InsiderNotificationContent-resources-${CONFIGURATION}-output-files.xcfilelist",
			);
			runOnlyForDeploymentPostprocessing = 0;
			shellPath = /bin/sh;
			shellScript = "\"${PODS_ROOT}/Target Support Files/Pods-InsiderNotificationContent/Pods-InsiderNotificationContent-resources.sh\"\n";
			showEnvVarsInLog = 0;
		};
		CA579988F2E48F80975C2DD6 /* [CP] Check Pods Manifest.lock */ = {
			isa = PBXShellScriptBuildPhase;
			buildActionMask = 2147483647;
			files = (
			);
			inputFileListPaths = (
			);
			inputPaths = (
				"${PODS_PODFILE_DIR_PATH}/Podfile.lock",
				"${PODS_ROOT}/Manifest.lock",
			);
			name = "[CP] Check Pods Manifest.lock";
			outputFileListPaths = (
			);
			outputPaths = (
				"$(DERIVED_FILE_DIR)/Pods-InsiderDemo-checkManifestLockResult.txt",
			);
			runOnlyForDeploymentPostprocessing = 0;
			shellPath = /bin/sh;
			shellScript = "diff \"${PODS_PODFILE_DIR_PATH}/Podfile.lock\" \"${PODS_ROOT}/Manifest.lock\" > /dev/null\nif [ $? != 0 ] ; then\n    # print error to STDERR\n    echo \"error: The sandbox is not in sync with the Podfile.lock. Run 'pod install' or update your CocoaPods installation.\" >&2\n    exit 1\nfi\n# This output is used by Xcode 'outputs' to avoid re-running this script phase.\necho \"SUCCESS\" > \"${SCRIPT_OUTPUT_FILE_0}\"\n";
			showEnvVarsInLog = 0;
		};
/* End PBXShellScriptBuildPhase section */

/* Begin PBXSourcesBuildPhase section */
		56CB0BD724DAA54C00886880 /* Sources */ = {
			isa = PBXSourcesBuildPhase;
			buildActionMask = 2147483647;
			files = (
				56CB0BE324DAA54C00886880 /* ViewController.swift in Sources */,
				56CB0BDF24DAA54C00886880 /* AppDelegate.swift in Sources */,
			);
			runOnlyForDeploymentPostprocessing = 0;
		};
		D7814EEA27469858006394C0 /* Sources */ = {
			isa = PBXSourcesBuildPhase;
			buildActionMask = 2147483647;
			files = (
				D7814EF327469858006394C0 /* NotificationViewController.swift in Sources */,
			);
			runOnlyForDeploymentPostprocessing = 0;
		};
		D7814EFE2746988C006394C0 /* Sources */ = {
			isa = PBXSourcesBuildPhase;
			buildActionMask = 2147483647;
			files = (
				D7814F052746988C006394C0 /* NotificationService.swift in Sources */,
			);
			runOnlyForDeploymentPostprocessing = 0;
		};
/* End PBXSourcesBuildPhase section */

/* Begin PBXTargetDependency section */
		D7814EF927469858006394C0 /* PBXTargetDependency */ = {
			isa = PBXTargetDependency;
			target = D7814EED27469858006394C0 /* InsiderNotificationContent */;
			targetProxy = D7814EF827469858006394C0 /* PBXContainerItemProxy */;
		};
		D7814F082746988D006394C0 /* PBXTargetDependency */ = {
			isa = PBXTargetDependency;
			target = D7814F012746988C006394C0 /* InsiderNotificationService */;
			targetProxy = D7814F072746988D006394C0 /* PBXContainerItemProxy */;
		};
/* End PBXTargetDependency section */

/* Begin PBXVariantGroup section */
		56CB0BE424DAA54C00886880 /* Main.storyboard */ = {
			isa = PBXVariantGroup;
			children = (
				56CB0BE524DAA54C00886880 /* Base */,
			);
			name = Main.storyboard;
			sourceTree = "<group>";
		};
		56CB0BE924DAA55000886880 /* LaunchScreen.storyboard */ = {
			isa = PBXVariantGroup;
			children = (
				56CB0BEA24DAA55000886880 /* Base */,
			);
			name = LaunchScreen.storyboard;
			sourceTree = "<group>";
		};
		D7814EF427469858006394C0 /* MainInterface.storyboard */ = {
			isa = PBXVariantGroup;
			children = (
				D7814EF527469858006394C0 /* Base */,
			);
			name = MainInterface.storyboard;
			sourceTree = "<group>";
		};
/* End PBXVariantGroup section */

/* Begin XCBuildConfiguration section */
		56CB0BED24DAA55000886880 /* Debug */ = {
			isa = XCBuildConfiguration;
			buildSettings = {
				ALWAYS_SEARCH_USER_PATHS = NO;
				CLANG_ANALYZER_NONNULL = YES;
				CLANG_ANALYZER_NUMBER_OBJECT_CONVERSION = YES_AGGRESSIVE;
				CLANG_CXX_LANGUAGE_STANDARD = "gnu++14";
				CLANG_CXX_LIBRARY = "libc++";
				CLANG_ENABLE_MODULES = YES;
				CLANG_ENABLE_OBJC_ARC = YES;
				CLANG_ENABLE_OBJC_WEAK = YES;
				CLANG_WARN_BLOCK_CAPTURE_AUTORELEASING = YES;
				CLANG_WARN_BOOL_CONVERSION = YES;
				CLANG_WARN_COMMA = YES;
				CLANG_WARN_CONSTANT_CONVERSION = YES;
				CLANG_WARN_DEPRECATED_OBJC_IMPLEMENTATIONS = YES;
				CLANG_WARN_DIRECT_OBJC_ISA_USAGE = YES_ERROR;
				CLANG_WARN_DOCUMENTATION_COMMENTS = YES;
				CLANG_WARN_EMPTY_BODY = YES;
				CLANG_WARN_ENUM_CONVERSION = YES;
				CLANG_WARN_INFINITE_RECURSION = YES;
				CLANG_WARN_INT_CONVERSION = YES;
				CLANG_WARN_NON_LITERAL_NULL_CONVERSION = YES;
				CLANG_WARN_OBJC_IMPLICIT_RETAIN_SELF = YES;
				CLANG_WARN_OBJC_LITERAL_CONVERSION = YES;
				CLANG_WARN_OBJC_ROOT_CLASS = YES_ERROR;
				CLANG_WARN_RANGE_LOOP_ANALYSIS = YES;
				CLANG_WARN_STRICT_PROTOTYPES = YES;
				CLANG_WARN_SUSPICIOUS_MOVE = YES;
				CLANG_WARN_UNGUARDED_AVAILABILITY = YES_AGGRESSIVE;
				CLANG_WARN_UNREACHABLE_CODE = YES;
				CLANG_WARN__DUPLICATE_METHOD_MATCH = YES;
				COPY_PHASE_STRIP = NO;
				DEBUG_INFORMATION_FORMAT = dwarf;
				ENABLE_STRICT_OBJC_MSGSEND = YES;
				ENABLE_TESTABILITY = YES;
				GCC_C_LANGUAGE_STANDARD = gnu11;
				GCC_DYNAMIC_NO_PIC = NO;
				GCC_NO_COMMON_BLOCKS = YES;
				GCC_OPTIMIZATION_LEVEL = 0;
				GCC_PREPROCESSOR_DEFINITIONS = (
					"DEBUG=1",
					"$(inherited)",
				);
				GCC_WARN_64_TO_32_BIT_CONVERSION = YES;
				GCC_WARN_ABOUT_RETURN_TYPE = YES_ERROR;
				GCC_WARN_UNDECLARED_SELECTOR = YES;
				GCC_WARN_UNINITIALIZED_AUTOS = YES_AGGRESSIVE;
				GCC_WARN_UNUSED_FUNCTION = YES;
				GCC_WARN_UNUSED_VARIABLE = YES;
				IPHONEOS_DEPLOYMENT_TARGET = 10.0;
				MTL_ENABLE_DEBUG_INFO = INCLUDE_SOURCE;
				MTL_FAST_MATH = YES;
				ONLY_ACTIVE_ARCH = YES;
				SDKROOT = iphoneos;
				SWIFT_ACTIVE_COMPILATION_CONDITIONS = DEBUG;
				SWIFT_OBJC_BRIDGING_HEADER = "/Users/dev/Documents/Insider/swift-sample/InsiderDemo/InsiderDemo/InsiderDemo-Bridging-Header.h";
				SWIFT_OPTIMIZATION_LEVEL = "-Onone";
			};
			name = Debug;
		};
		56CB0BEE24DAA55000886880 /* Release */ = {
			isa = XCBuildConfiguration;
			buildSettings = {
				ALWAYS_SEARCH_USER_PATHS = NO;
				CLANG_ANALYZER_NONNULL = YES;
				CLANG_ANALYZER_NUMBER_OBJECT_CONVERSION = YES_AGGRESSIVE;
				CLANG_CXX_LANGUAGE_STANDARD = "gnu++14";
				CLANG_CXX_LIBRARY = "libc++";
				CLANG_ENABLE_MODULES = YES;
				CLANG_ENABLE_OBJC_ARC = YES;
				CLANG_ENABLE_OBJC_WEAK = YES;
				CLANG_WARN_BLOCK_CAPTURE_AUTORELEASING = YES;
				CLANG_WARN_BOOL_CONVERSION = YES;
				CLANG_WARN_COMMA = YES;
				CLANG_WARN_CONSTANT_CONVERSION = YES;
				CLANG_WARN_DEPRECATED_OBJC_IMPLEMENTATIONS = YES;
				CLANG_WARN_DIRECT_OBJC_ISA_USAGE = YES_ERROR;
				CLANG_WARN_DOCUMENTATION_COMMENTS = YES;
				CLANG_WARN_EMPTY_BODY = YES;
				CLANG_WARN_ENUM_CONVERSION = YES;
				CLANG_WARN_INFINITE_RECURSION = YES;
				CLANG_WARN_INT_CONVERSION = YES;
				CLANG_WARN_NON_LITERAL_NULL_CONVERSION = YES;
				CLANG_WARN_OBJC_IMPLICIT_RETAIN_SELF = YES;
				CLANG_WARN_OBJC_LITERAL_CONVERSION = YES;
				CLANG_WARN_OBJC_ROOT_CLASS = YES_ERROR;
				CLANG_WARN_RANGE_LOOP_ANALYSIS = YES;
				CLANG_WARN_STRICT_PROTOTYPES = YES;
				CLANG_WARN_SUSPICIOUS_MOVE = YES;
				CLANG_WARN_UNGUARDED_AVAILABILITY = YES_AGGRESSIVE;
				CLANG_WARN_UNREACHABLE_CODE = YES;
				CLANG_WARN__DUPLICATE_METHOD_MATCH = YES;
				COPY_PHASE_STRIP = NO;
				DEBUG_INFORMATION_FORMAT = "dwarf-with-dsym";
				ENABLE_NS_ASSERTIONS = NO;
				ENABLE_STRICT_OBJC_MSGSEND = YES;
				GCC_C_LANGUAGE_STANDARD = gnu11;
				GCC_NO_COMMON_BLOCKS = YES;
				GCC_WARN_64_TO_32_BIT_CONVERSION = YES;
				GCC_WARN_ABOUT_RETURN_TYPE = YES_ERROR;
				GCC_WARN_UNDECLARED_SELECTOR = YES;
				GCC_WARN_UNINITIALIZED_AUTOS = YES_AGGRESSIVE;
				GCC_WARN_UNUSED_FUNCTION = YES;
				GCC_WARN_UNUSED_VARIABLE = YES;
				IPHONEOS_DEPLOYMENT_TARGET = 10.0;
				MTL_ENABLE_DEBUG_INFO = NO;
				MTL_FAST_MATH = YES;
				SDKROOT = iphoneos;
				SWIFT_COMPILATION_MODE = wholemodule;
				SWIFT_OBJC_BRIDGING_HEADER = "/Users/dev/Documents/Insider/swift-sample/InsiderDemo/InsiderDemo/InsiderDemo-Bridging-Header.h";
				SWIFT_OPTIMIZATION_LEVEL = "-O";
				VALIDATE_PRODUCT = YES;
			};
			name = Release;
		};
		56CB0BF024DAA55000886880 /* Debug */ = {
			isa = XCBuildConfiguration;
			baseConfigurationReference = 4A0F82D7D5DA9A55035594E2 /* Pods-InsiderDemo.debug.xcconfig */;
			buildSettings = {
				ALWAYS_EMBED_SWIFT_STANDARD_LIBRARIES = YES;
				ASSETCATALOG_COMPILER_APPICON_NAME = AppIcon;
				CLANG_ENABLE_MODULES = YES;
				CODE_SIGN_ENTITLEMENTS = InsiderDemo/InsiderDemo.entitlements;
				CODE_SIGN_STYLE = Automatic;
				DEVELOPMENT_TEAM = 276CUFK954;
				FRAMEWORK_SEARCH_PATHS = (
					"$(inherited)",
					"\"${PODS_CONFIGURATION_BUILD_DIR}/iCarousel\"",
					"\"${PODS_ROOT}/InsiderMobile\"",
					"\"${PODS_ROOT}/InsiderMobileAdvancedNotification\"",
					"\"${PODS_XCFRAMEWORKS_BUILD_DIR}/InsiderMobile\"",
					"${PODS_ROOT}/",
				);
				HEADER_SEARCH_PATHS = (
					"$(inherited)",
					"\"${PODS_CONFIGURATION_BUILD_DIR}/iCarousel/iCarousel.framework/Headers\"",
					"\"${PODS_CONFIGURATION_BUILD_DIR}/\"",
					"${PODS_ROOT}/",
				);
				INFOPLIST_FILE = InsiderDemo/Info.plist;
				IPHONEOS_DEPLOYMENT_TARGET = 10.0;
				LD_RUNPATH_SEARCH_PATHS = (
					"$(inherited)",
					"@executable_path/Frameworks",
				);
				PRODUCT_BUNDLE_IDENTIFIER = "com.useinsider.mobile-ios";
				PRODUCT_NAME = "$(TARGET_NAME)";
				SWIFT_COMPILATION_MODE = wholemodule;
				SWIFT_OBJC_BRIDGING_HEADER = "InsiderDemo/InsiderDemo-Bridging-Header.h";
				SWIFT_OPTIMIZATION_LEVEL = "-Onone";
				SWIFT_VERSION = 5.0;
				TARGETED_DEVICE_FAMILY = 1;
				USER_HEADER_SEARCH_PATHS = "${PODS_ROOT}/";
			};
			name = Debug;
		};
		56CB0BF124DAA55000886880 /* Release */ = {
			isa = XCBuildConfiguration;
			baseConfigurationReference = E591F2E615E500FA776B0F88 /* Pods-InsiderDemo.release.xcconfig */;
			buildSettings = {
				ALWAYS_EMBED_SWIFT_STANDARD_LIBRARIES = YES;
				ASSETCATALOG_COMPILER_APPICON_NAME = AppIcon;
				CLANG_ENABLE_MODULES = YES;
				CODE_SIGN_ENTITLEMENTS = InsiderDemo/InsiderDemo.entitlements;
				CODE_SIGN_STYLE = Automatic;
				DEVELOPMENT_TEAM = 276CUFK954;
				FRAMEWORK_SEARCH_PATHS = (
					"$(inherited)",
					"\"${PODS_CONFIGURATION_BUILD_DIR}/iCarousel\"",
					"\"${PODS_ROOT}/InsiderMobile\"",
					"\"${PODS_ROOT}/InsiderMobileAdvancedNotification\"",
					"\"${PODS_XCFRAMEWORKS_BUILD_DIR}/InsiderMobile\"",
					"${PODS_ROOT}/",
				);
				HEADER_SEARCH_PATHS = (
					"$(inherited)",
					"\"${PODS_CONFIGURATION_BUILD_DIR}/iCarousel/iCarousel.framework/Headers\"",
					"\"${PODS_CONFIGURATION_BUILD_DIR}/\"",
					"${PODS_ROOT}/",
				);
				INFOPLIST_FILE = InsiderDemo/Info.plist;
				IPHONEOS_DEPLOYMENT_TARGET = 10.0;
				LD_RUNPATH_SEARCH_PATHS = (
					"$(inherited)",
					"@executable_path/Frameworks",
				);
				ONLY_ACTIVE_ARCH = YES;
				PRODUCT_BUNDLE_IDENTIFIER = "com.useinsider.mobile-ios";
				PRODUCT_NAME = "$(TARGET_NAME)";
				SWIFT_COMPILATION_MODE = wholemodule;
				SWIFT_OBJC_BRIDGING_HEADER = "InsiderDemo/InsiderDemo-Bridging-Header.h";
				SWIFT_VERSION = 5.0;
				TARGETED_DEVICE_FAMILY = 1;
				USER_HEADER_SEARCH_PATHS = "${PODS_ROOT}/";
			};
			name = Release;
		};
		D7814EFC27469858006394C0 /* Debug */ = {
			isa = XCBuildConfiguration;
			baseConfigurationReference = F7810B2B17EF80E0FB53414C /* Pods-InsiderNotificationContent.debug.xcconfig */;
			buildSettings = {
				CLANG_CXX_LANGUAGE_STANDARD = "gnu++17";
				CLANG_WARN_QUOTED_INCLUDE_IN_FRAMEWORK_HEADER = YES;
				CODE_SIGN_STYLE = Automatic;
				CURRENT_PROJECT_VERSION = 1;
				DEVELOPMENT_TEAM = 276CUFK954;
				GENERATE_INFOPLIST_FILE = YES;
				INFOPLIST_FILE = InsiderNotificationContent/Info.plist;
				INFOPLIST_KEY_CFBundleDisplayName = InsiderNotificationContent;
				INFOPLIST_KEY_NSHumanReadableCopyright = "Copyright © 2021 Insider. All rights reserved.";
				IPHONEOS_DEPLOYMENT_TARGET = 10.0;
				LD_RUNPATH_SEARCH_PATHS = (
					"$(inherited)",
					"@executable_path/Frameworks",
					"@executable_path/../../Frameworks",
				);
				MARKETING_VERSION = 1.0;
				PRODUCT_BUNDLE_IDENTIFIER = "com.useinsider.mobile-ios.InsiderNotificationContent";
				PRODUCT_NAME = "$(TARGET_NAME)";
				SKIP_INSTALL = YES;
				SWIFT_EMIT_LOC_STRINGS = YES;
				SWIFT_VERSION = 5.0;
				TARGETED_DEVICE_FAMILY = 1;
			};
			name = Debug;
		};
		D7814EFD27469858006394C0 /* Release */ = {
			isa = XCBuildConfiguration;
			baseConfigurationReference = D8095780A8D852C9F9671B78 /* Pods-InsiderNotificationContent.release.xcconfig */;
			buildSettings = {
				CLANG_CXX_LANGUAGE_STANDARD = "gnu++17";
				CLANG_WARN_QUOTED_INCLUDE_IN_FRAMEWORK_HEADER = YES;
				CODE_SIGN_STYLE = Automatic;
				CURRENT_PROJECT_VERSION = 1;
				DEVELOPMENT_TEAM = 276CUFK954;
				GENERATE_INFOPLIST_FILE = YES;
				INFOPLIST_FILE = InsiderNotificationContent/Info.plist;
				INFOPLIST_KEY_CFBundleDisplayName = InsiderNotificationContent;
				INFOPLIST_KEY_NSHumanReadableCopyright = "Copyright © 2021 Insider. All rights reserved.";
				IPHONEOS_DEPLOYMENT_TARGET = 10.0;
				LD_RUNPATH_SEARCH_PATHS = (
					"$(inherited)",
					"@executable_path/Frameworks",
					"@executable_path/../../Frameworks",
				);
				MARKETING_VERSION = 1.0;
				PRODUCT_BUNDLE_IDENTIFIER = "com.useinsider.mobile-ios.InsiderNotificationContent";
				PRODUCT_NAME = "$(TARGET_NAME)";
				SKIP_INSTALL = YES;
				SWIFT_EMIT_LOC_STRINGS = YES;
				SWIFT_VERSION = 5.0;
				TARGETED_DEVICE_FAMILY = 1;
			};
			name = Release;
		};
		D7814F0B2746988D006394C0 /* Debug */ = {
			isa = XCBuildConfiguration;
			baseConfigurationReference = EF34029399BA614AAD1496F4 /* Pods-InsiderNotificationService.debug.xcconfig */;
			buildSettings = {
				CLANG_CXX_LANGUAGE_STANDARD = "gnu++17";
				CLANG_WARN_QUOTED_INCLUDE_IN_FRAMEWORK_HEADER = YES;
				CODE_SIGN_STYLE = Automatic;
				CURRENT_PROJECT_VERSION = 1;
				DEVELOPMENT_TEAM = 276CUFK954;
				GENERATE_INFOPLIST_FILE = YES;
				INFOPLIST_FILE = InsiderNotificationService/Info.plist;
				INFOPLIST_KEY_CFBundleDisplayName = InsiderNotificationService;
				INFOPLIST_KEY_NSHumanReadableCopyright = "Copyright © 2021 Insider. All rights reserved.";
				IPHONEOS_DEPLOYMENT_TARGET = 10.0;
				LD_RUNPATH_SEARCH_PATHS = (
					"$(inherited)",
					"@executable_path/Frameworks",
					"@executable_path/../../Frameworks",
				);
				MARKETING_VERSION = 1.0;
				PRODUCT_BUNDLE_IDENTIFIER = "com.useinsider.mobile-ios.InsiderNotificationService";
				PRODUCT_NAME = "$(TARGET_NAME)";
				SKIP_INSTALL = YES;
				SWIFT_EMIT_LOC_STRINGS = YES;
				SWIFT_VERSION = 5.0;
				TARGETED_DEVICE_FAMILY = 1;
			};
			name = Debug;
		};
		D7814F0C2746988D006394C0 /* Release */ = {
			isa = XCBuildConfiguration;
			baseConfigurationReference = F905F4C4726BF371FCEC8552 /* Pods-InsiderNotificationService.release.xcconfig */;
			buildSettings = {
				CLANG_CXX_LANGUAGE_STANDARD = "gnu++17";
				CLANG_WARN_QUOTED_INCLUDE_IN_FRAMEWORK_HEADER = YES;
				CODE_SIGN_STYLE = Automatic;
				CURRENT_PROJECT_VERSION = 1;
				DEVELOPMENT_TEAM = 276CUFK954;
				GENERATE_INFOPLIST_FILE = YES;
				INFOPLIST_FILE = InsiderNotificationService/Info.plist;
				INFOPLIST_KEY_CFBundleDisplayName = InsiderNotificationService;
				INFOPLIST_KEY_NSHumanReadableCopyright = "Copyright © 2021 Insider. All rights reserved.";
				IPHONEOS_DEPLOYMENT_TARGET = 10.0;
				LD_RUNPATH_SEARCH_PATHS = (
					"$(inherited)",
					"@executable_path/Frameworks",
					"@executable_path/../../Frameworks",
				);
				MARKETING_VERSION = 1.0;
				PRODUCT_BUNDLE_IDENTIFIER = "com.useinsider.mobile-ios.InsiderNotificationService";
				PRODUCT_NAME = "$(TARGET_NAME)";
				SKIP_INSTALL = YES;
				SWIFT_EMIT_LOC_STRINGS = YES;
				SWIFT_VERSION = 5.0;
				TARGETED_DEVICE_FAMILY = 1;
			};
			name = Release;
		};
/* End XCBuildConfiguration section */

/* Begin XCConfigurationList section */
		56CB0BD624DAA54C00886880 /* Build configuration list for PBXProject "InsiderDemo" */ = {
			isa = XCConfigurationList;
			buildConfigurations = (
				56CB0BED24DAA55000886880 /* Debug */,
				56CB0BEE24DAA55000886880 /* Release */,
			);
			defaultConfigurationIsVisible = 0;
			defaultConfigurationName = Release;
		};
		56CB0BEF24DAA55000886880 /* Build configuration list for PBXNativeTarget "InsiderDemo" */ = {
			isa = XCConfigurationList;
			buildConfigurations = (
				56CB0BF024DAA55000886880 /* Debug */,
				56CB0BF124DAA55000886880 /* Release */,
			);
			defaultConfigurationIsVisible = 0;
			defaultConfigurationName = Release;
		};
		D7814EFB27469858006394C0 /* Build configuration list for PBXNativeTarget "InsiderNotificationContent" */ = {
			isa = XCConfigurationList;
			buildConfigurations = (
				D7814EFC27469858006394C0 /* Debug */,
				D7814EFD27469858006394C0 /* Release */,
			);
			defaultConfigurationIsVisible = 0;
			defaultConfigurationName = Release;
		};
		D7814F0A2746988D006394C0 /* Build configuration list for PBXNativeTarget "InsiderNotificationService" */ = {
			isa = XCConfigurationList;
			buildConfigurations = (
				D7814F0B2746988D006394C0 /* Debug */,
				D7814F0C2746988D006394C0 /* Release */,
			);
			defaultConfigurationIsVisible = 0;
			defaultConfigurationName = Release;
		};
/* End XCConfigurationList section */
	};
	rootObject = 56CB0BD324DAA54C00886880 /* Project object */;
}
