PODS:
  - iCarousel (1.8.3)
  - InsiderMobile (10.7.0)
  - InsiderMobileAdvancedNotification (1.0.5):
    - iCarousel

DEPENDENCIES:
  - InsiderMobile (= 10.7.0)
  - InsiderMobileAdvancedNotification

SPEC REPOS:
  trunk:
    - iCarousel
    - InsiderMobile
    - InsiderMobileAdvancedNotification

SPEC CHECKSUMS:
  iCarousel: d782f635afac190c49bb8ee455882284cff8b85f
  InsiderMobile: 8b74ee0f67169e8a289555b94ae1670e4308f1fe
  InsiderMobileAdvancedNotification: be6a46e1ee3fde9a0b20848d6efa35b929f85b7a

PODFILE CHECKSUM: 6d3c1e9eb7e47d0dae99512a695c4504b7127196

COCOAPODS: 1.10.0
