PODS:
  - InsiderMobile (12.5.2)
  - InsiderMobileAdvancedNotification (1.2.1)

DEPENDENCIES:
  - InsiderMobile
  - InsiderMobileAdvancedNotification

SPEC REPOS:
  trunk:
    - InsiderMobile
    - InsiderMobileAdvancedNotification

SPEC CHECKSUMS:
  InsiderMobile: 6c0def28487ac5a994055f042495ab8905e99959
  InsiderMobileAdvancedNotification: adec892c8fc97d88246e238c74926f4a94f1d803

PODFILE CHECKSUM: 6ea9c3c15ec6a15191ee62b97fbd28e866702491

COCOAPODS: 1.11.3
