PODS:
  - InsiderMobile (13.3.3)
  - InsiderMobileAdvancedNotification (1.2.2)

DEPENDENCIES:
  - InsiderMobile
  - InsiderMobileAdvancedNotification

SPEC REPOS:
  trunk:
    - InsiderMobile
    - InsiderMobileAdvancedNotification

SPEC CHECKSUMS:
  InsiderMobile: 48befbf95079608ac5e57960ad0e89ec746f6867
  InsiderMobileAdvancedNotification: 5f6721f0a6a6548f711cef29e0b264e96492c961

PODFILE CHECKSUM: 3bc6bb3980df4d817e424ecb7be2123c929494b0

COCOAPODS: 1.15.0
